
Microsoft Visual Studio Solution File, Format Version 12.00
# Visual Studio Version 16
VisualStudioVersion = 16.0.29728.190
MinimumVisualStudioVersion = 10.0.40219.1
Project("{8BC9CEB8-8B4A-11D0-8D11-00A0C91BC942}") = "8.regular_expression_matching", "8.regular_expression_matching\8.regular_expression_matching.vcxproj", "{B8FB9381-1B21-4DD6-8511-F590D2F64E26}"
EndProject
Project("{8BC9CEB8-8B4A-11D0-8D11-00A0C91BC942}") = "15.3sum", "15.3sum\15.3sum.vcxproj", "{3A67F380-1065-40F1-AFEC-3FE80F90B574}"
EndProject
Project("{8BC9CEB8-8B4A-11D0-8D11-00A0C91BC942}") = "58.length_of_last_word", "58.length_of_last_word\58.length_of_last_word.vcxproj", "{86918E76-1DB9-49AA-B70A-A7F09245B54E}"
EndProject
Project("{8BC9CEB8-8B4A-11D0-8D11-00A0C91BC942}") = "66.plus_one", "66.plus_one\66.plus_one.vcxproj", "{A2B4FA6C-C3F0-4D47-993D-9FC47EA17DC5}"
EndProject
Project("{8BC9CEB8-8B4A-11D0-8D11-00A0C91BC942}") = "67.add_binary", "67.add_binary\67.add_binary.vcxproj", "{0DABF87A-3140-4225-80FE-60383036BCC6}"
EndProject
Project("{8BC9CEB8-8B4A-11D0-8D11-00A0C91BC942}") = "101.is_symatric", "101.is_symatric\101.is_symatric.vcxproj", "{0B81B10C-75E5-4059-95A5-A37483FAAD32}"
EndProject
Project("{8BC9CEB8-8B4A-11D0-8D11-00A0C91BC942}") = "104.get_depth", "104.get_depth\104.get_depth.vcxproj", "{17CFF346-A2DE-4C02-AACD-E3F8BFBEED9D}"
EndProject
Global
	GlobalSection(SolutionConfigurationPlatforms) = preSolution
		Debug|x64 = Debug|x64
		Debug|x86 = Debug|x86
		Release|x64 = Release|x64
		Release|x86 = Release|x86
	EndGlobalSection
	GlobalSection(ProjectConfigurationPlatforms) = postSolution
		{B8FB9381-1B21-4DD6-8511-F590D2F64E26}.Debug|x64.ActiveCfg = Debug|x64
		{B8FB9381-1B21-4DD6-8511-F590D2F64E26}.Debug|x64.Build.0 = Debug|x64
		{B8FB9381-1B21-4DD6-8511-F590D2F64E26}.Debug|x86.ActiveCfg = Debug|Win32
		{B8FB9381-1B21-4DD6-8511-F590D2F64E26}.Debug|x86.Build.0 = Debug|Win32
		{B8FB9381-1B21-4DD6-8511-F590D2F64E26}.Release|x64.ActiveCfg = Release|x64
		{B8FB9381-1B21-4DD6-8511-F590D2F64E26}.Release|x64.Build.0 = Release|x64
		{B8FB9381-1B21-4DD6-8511-F590D2F64E26}.Release|x86.ActiveCfg = Release|Win32
		{B8FB9381-1B21-4DD6-8511-F590D2F64E26}.Release|x86.Build.0 = Release|Win32
		{3A67F380-1065-40F1-AFEC-3FE80F90B574}.Debug|x64.ActiveCfg = Debug|x64
		{3A67F380-1065-40F1-AFEC-3FE80F90B574}.Debug|x64.Build.0 = Debug|x64
		{3A67F380-1065-40F1-AFEC-3FE80F90B574}.Debug|x86.ActiveCfg = Debug|Win32
		{3A67F380-1065-40F1-AFEC-3FE80F90B574}.Debug|x86.Build.0 = Debug|Win32
		{3A67F380-1065-40F1-AFEC-3FE80F90B574}.Release|x64.ActiveCfg = Release|x64
		{3A67F380-1065-40F1-AFEC-3FE80F90B574}.Release|x64.Build.0 = Release|x64
		{3A67F380-1065-40F1-AFEC-3FE80F90B574}.Release|x86.ActiveCfg = Release|Win32
		{3A67F380-1065-40F1-AFEC-3FE80F90B574}.Release|x86.Build.0 = Release|Win32
		{86918E76-1DB9-49AA-B70A-A7F09245B54E}.Debug|x64.ActiveCfg = Debug|x64
		{86918E76-1DB9-49AA-B70A-A7F09245B54E}.Debug|x64.Build.0 = Debug|x64
		{86918E76-1DB9-49AA-B70A-A7F09245B54E}.Debug|x86.ActiveCfg = Debug|Win32
		{86918E76-1DB9-49AA-B70A-A7F09245B54E}.Debug|x86.Build.0 = Debug|Win32
		{86918E76-1DB9-49AA-B70A-A7F09245B54E}.Release|x64.ActiveCfg = Release|x64
		{86918E76-1DB9-49AA-B70A-A7F09245B54E}.Release|x64.Build.0 = Release|x64
		{86918E76-1DB9-49AA-B70A-A7F09245B54E}.Release|x86.ActiveCfg = Release|Win32
		{86918E76-1DB9-49AA-B70A-A7F09245B54E}.Release|x86.Build.0 = Release|Win32
		{A2B4FA6C-C3F0-4D47-993D-9FC47EA17DC5}.Debug|x64.ActiveCfg = Debug|x64
		{A2B4FA6C-C3F0-4D47-993D-9FC47EA17DC5}.Debug|x64.Build.0 = Debug|x64
		{A2B4FA6C-C3F0-4D47-993D-9FC47EA17DC5}.Debug|x86.ActiveCfg = Debug|Win32
		{A2B4FA6C-C3F0-4D47-993D-9FC47EA17DC5}.Debug|x86.Build.0 = Debug|Win32
		{A2B4FA6C-C3F0-4D47-993D-9FC47EA17DC5}.Release|x64.ActiveCfg = Release|x64
		{A2B4FA6C-C3F0-4D47-993D-9FC47EA17DC5}.Release|x64.Build.0 = Release|x64
		{A2B4FA6C-C3F0-4D47-993D-9FC47EA17DC5}.Release|x86.ActiveCfg = Release|Win32
		{A2B4FA6C-C3F0-4D47-993D-9FC47EA17DC5}.Release|x86.Build.0 = Release|Win32
		{0DABF87A-3140-4225-80FE-60383036BCC6}.Debug|x64.ActiveCfg = Debug|x64
		{0DABF87A-3140-4225-80FE-60383036BCC6}.Debug|x64.Build.0 = Debug|x64
		{0DABF87A-3140-4225-80FE-60383036BCC6}.Debug|x86.ActiveCfg = Debug|Win32
		{0DABF87A-3140-4225-80FE-60383036BCC6}.Debug|x86.Build.0 = Debug|Win32
		{0DABF87A-3140-4225-80FE-60383036BCC6}.Release|x64.ActiveCfg = Release|x64
		{0DABF87A-3140-4225-80FE-60383036BCC6}.Release|x64.Build.0 = Release|x64
		{0DABF87A-3140-4225-80FE-60383036BCC6}.Release|x86.ActiveCfg = Release|Win32
		{0DABF87A-3140-4225-80FE-60383036BCC6}.Release|x86.Build.0 = Release|Win32
		{0B81B10C-75E5-4059-95A5-A37483FAAD32}.Debug|x64.ActiveCfg = Debug|x64
		{0B81B10C-75E5-4059-95A5-A37483FAAD32}.Debug|x64.Build.0 = Debug|x64
		{0B81B10C-75E5-4059-95A5-A37483FAAD32}.Debug|x86.ActiveCfg = Debug|Win32
		{0B81B10C-75E5-4059-95A5-A37483FAAD32}.Debug|x86.Build.0 = Debug|Win32
		{0B81B10C-75E5-4059-95A5-A37483FAAD32}.Release|x64.ActiveCfg = Release|x64
		{0B81B10C-75E5-4059-95A5-A37483FAAD32}.Release|x64.Build.0 = Release|x64
		{0B81B10C-75E5-4059-95A5-A37483FAAD32}.Release|x86.ActiveCfg = Release|Win32
		{0B81B10C-75E5-4059-95A5-A37483FAAD32}.Release|x86.Build.0 = Release|Win32
		{17CFF346-A2DE-4C02-AACD-E3F8BFBEED9D}.Debug|x64.ActiveCfg = Debug|x64
		{17CFF346-A2DE-4C02-AACD-E3F8BFBEED9D}.Debug|x64.Build.0 = Debug|x64
		{17CFF346-A2DE-4C02-AACD-E3F8BFBEED9D}.Debug|x86.ActiveCfg = Debug|Win32
		{17CFF346-A2DE-4C02-AACD-E3F8BFBEED9D}.Debug|x86.Build.0 = Debug|Win32
		{17CFF346-A2DE-4C02-AACD-E3F8BFBEED9D}.Release|x64.ActiveCfg = Release|x64
		{17CFF346-A2DE-4C02-AACD-E3F8BFBEED9D}.Release|x64.Build.0 = Release|x64
		{17CFF346-A2DE-4C02-AACD-E3F8BFBEED9D}.Release|x86.ActiveCfg = Release|Win32
		{17CFF346-A2DE-4C02-AACD-E3F8BFBEED9D}.Release|x86.Build.0 = Release|Win32
	EndGlobalSection
	GlobalSection(SolutionProperties) = preSolution
		HideSolutionNode = FALSE
	EndGlobalSection
	GlobalSection(ExtensibilityGlobals) = postSolution
		SolutionGuid = {BA3ED535-D7D7-460A-8A26-E534EE793209}
	EndGlobalSection
EndGlobal
