
Microsoft Visual Studio Solution File, Format Version 12.00
# Visual Studio Version 16
VisualStudioVersion = 16.0.29728.190
MinimumVisualStudioVersion = 10.0.40219.1
Project("{8BC9CEB8-8B4A-11D0-8D11-00A0C91BC942}") = "008.regular_expression_matching", "8.regular_expression_matching\8.regular_expression_matching.vcxproj", "{B8FB9381-1B21-4DD6-8511-F590D2F64E26}"
EndProject
Project("{8BC9CEB8-8B4A-11D0-8D11-00A0C91BC942}") = "015.3sum", "15.3sum\15.3sum.vcxproj", "{3A67F380-1065-40F1-AFEC-3FE80F90B574}"
EndProject
Project("{8BC9CEB8-8B4A-11D0-8D11-00A0C91BC942}") = "058.length_of_last_word", "58.length_of_last_word\58.length_of_last_word.vcxproj", "{86918E76-1DB9-49AA-B70A-A7F09245B54E}"
EndProject
Project("{8BC9CEB8-8B4A-11D0-8D11-00A0C91BC942}") = "066.plus_one", "66.plus_one\66.plus_one.vcxproj", "{A2B4FA6C-C3F0-4D47-993D-9FC47EA17DC5}"
EndProject
Project("{8BC9CEB8-8B4A-11D0-8D11-00A0C91BC942}") = "067.add_binary", "67.add_binary\67.add_binary.vcxproj", "{0DABF87A-3140-4225-80FE-60383036BCC6}"
EndProject
Project("{8BC9CEB8-8B4A-11D0-8D11-00A0C91BC942}") = "101.is_symatric", "101.is_symatric\101.is_symatric.vcxproj", "{0B81B10C-75E5-4059-95A5-A37483FAAD32}"
EndProject
Project("{8BC9CEB8-8B4A-11D0-8D11-00A0C91BC942}") = "104.get_depth", "104.get_depth\104.get_depth.vcxproj", "{17CFF346-A2DE-4C02-AACD-E3F8BFBEED9D}"
EndProject
Project("{8BC9CEB8-8B4A-11D0-8D11-00A0C91BC942}") = "107.level_order_bottom", "107.level_order_bottom\107.level_order_bottom.vcxproj", "{C51145F9-233E-47AB-85D1-99D07DED6BED}"
EndProject
Project("{8BC9CEB8-8B4A-11D0-8D11-00A0C91BC942}") = "102.level_order", "102.level_order\102.level_order.vcxproj", "{E570B58D-89E2-4C24-A310-CCE69EDC8643}"
EndProject
Project("{8BC9CEB8-8B4A-11D0-8D11-00A0C91BC942}") = "637.average_of_levels", "637.average_of_levels\637.average_of_levels.vcxproj", "{CDBA51AB-B810-49D6-8553-64440635E5E6}"
EndProject
Project("{8BC9CEB8-8B4A-11D0-8D11-00A0C91BC942}") = "108.sorted_array_to_bst", "108.sorted_array_to_bst\108.sorted_array_to_bst.vcxproj", "{D2223075-28D3-4F1A-8B51-91700B2455DB}"
EndProject
Project("{8BC9CEB8-8B4A-11D0-8D11-00A0C91BC942}") = "110.is_balanced", "110.is_balanced\110.is_balanced.vcxproj", "{3B6A899A-55EA-4416-9817-65EA053AF9B3}"
EndProject
Project("{2150E333-8FDC-42A3-9474-1A3956D46DE8}") = "common", "common", "{EC6A06E4-7B23-425F-B22A-B2A7AB8840C8}"
	ProjectSection(SolutionItems) = preProject
		common\graph.h = common\graph.h
		common\leetcode.h = common\leetcode.h
		common\ListNode.h = common\ListNode.h
		common\n_ary_tree_node.h = common\n_ary_tree_node.h
		common\TreeNode.h = common\TreeNode.h
	EndProjectSection
EndProject
Project("{8BC9CEB8-8B4A-11D0-8D11-00A0C91BC942}") = "160.intersection_of_two_linked_lists", "160.intersection_of_two_linked_lists\160.intersection_of_two_linked_lists.vcxproj", "{8EFD46F6-7BBF-42ED-901F-3ACB6E145C61}"
EndProject
Project("{8BC9CEB8-8B4A-11D0-8D11-00A0C91BC942}") = "168.excel_sheet_collumn_title", "168.excel_sheet_collumn_title\168.excel_sheet_collumn_title.vcxproj", "{C8E6AF2B-346F-434A-9172-B3B789EC6CF0}"
EndProject
Project("{8BC9CEB8-8B4A-11D0-8D11-00A0C91BC942}") = "204.count_primes", "204.count_primes\204.count_primes.vcxproj", "{6F58EC21-970C-42EB-99A6-6B08AA638D6D}"
EndProject
Project("{8BC9CEB8-8B4A-11D0-8D11-00A0C91BC942}") = "290.word_pattern", "290.word_pattern\290.word_pattern.vcxproj", "{381E7EBC-9B72-43A8-ACB5-35F0ADAE4816}"
EndProject
Project("{8BC9CEB8-8B4A-11D0-8D11-00A0C91BC942}") = "492.construct_the_rectangle", "492.construct_the_rectangle\492.construct_the_rectangle.vcxproj", "{1710E418-E4BA-41AD-B27D-0B823327CD86}"
EndProject
Project("{8BC9CEB8-8B4A-11D0-8D11-00A0C91BC942}") = "500.keyboard_rows", "500.keyboard_rows\500.keyboard_rows.vcxproj", "{901A648C-5315-4C11-A207-B48381B72202}"
EndProject
Project("{8BC9CEB8-8B4A-11D0-8D11-00A0C91BC942}") = "507.perfect_number", "507.perfect_number\507.perfect_number.vcxproj", "{3C851EFA-7950-4AD7-A016-925BF1DC2A5B}"
EndProject
Project("{8BC9CEB8-8B4A-11D0-8D11-00A0C91BC942}") = "538.convert_bst_to_greater_tree", "538.convert_bst_to_greater_tree\538.convert_bst_to_greater_tree.vcxproj", "{40870A51-C5B7-43F8-BBAA-44486C628DAA}"
EndProject
Project("{8BC9CEB8-8B4A-11D0-8D11-00A0C91BC942}") = "541.reverse_string_2", "541.reverse_string_2\541.reverse_string_2.vcxproj", "{A4335774-9E74-414E-A1F1-182F3FC6E248}"
EndProject
Project("{8BC9CEB8-8B4A-11D0-8D11-00A0C91BC942}") = "543.diameter_of_binary_tree", "543.diameter_of_binary_tree\543.diameter_of_binary_tree.vcxproj", "{04B9D2F1-658D-424E-81EE-B4AFA7ECB045}"
EndProject
Project("{8BC9CEB8-8B4A-11D0-8D11-00A0C91BC942}") = "503.next_greater_element_ii", "503.next_greater_element_ii\503.next_greater_element_ii.vcxproj", "{E0A0DC45-611F-4B1C-BE2A-6C4F2899C680}"
EndProject
Project("{8BC9CEB8-8B4A-11D0-8D11-00A0C91BC942}") = "239.sliding_window_maximum", "239.sliding_window_maximum\239.sliding_window_maximum.vcxproj", "{CA94957E-74BF-46FD-BEDB-E6CE8A408269}"
EndProject
Project("{8BC9CEB8-8B4A-11D0-8D11-00A0C91BC942}") = "155.min_stack", "155.min_stack\155.min_stack.vcxproj", "{A02054DD-0C95-491C-B3D1-AA1932FDE618}"
EndProject
Project("{8BC9CEB8-8B4A-11D0-8D11-00A0C91BC942}") = "874.warking_robot_simulation", "874.warking_robot_simulation\874.warking_robot_simulation.vcxproj", "{8DD332EC-140C-4E7C-9CAF-6BE1E85EB7D9}"
EndProject
Project("{8BC9CEB8-8B4A-11D0-8D11-00A0C91BC942}") = "121.best_time_to_buy_and_sell_stock", "121.best_time_to_buy_and_sell_stock\121.best_time_to_buy_and_sell_stock.vcxproj", "{51A5F55D-84AE-4D38-A84C-EAA732B819BC}"
EndProject
Project("{8BC9CEB8-8B4A-11D0-8D11-00A0C91BC942}") = "001.two-sum", "1.two-sum\1.two-sum.vcxproj", "{4CF86004-F4CE-4BBB-B2E5-136D26F6A43C}"
EndProject
Project("{8BC9CEB8-8B4A-11D0-8D11-00A0C91BC942}") = "002.add-two-numbers", "2.add-two-numbers\2.add-two-numbers.vcxproj", "{39436681-A45A-4EEE-B9DE-1DE489A42963}"
EndProject
Project("{8BC9CEB8-8B4A-11D0-8D11-00A0C91BC942}") = "003.longest-substring-without-repeating-characters", "3.longest-substring-without-repeating-characters\3.longest-substring-without-repeating-characters.vcxproj", "{946313DC-6D68-4047-9D72-E2F62DBE1340}"
EndProject
Project("{8BC9CEB8-8B4A-11D0-8D11-00A0C91BC942}") = "004.median-of-two-sorted-arrays", "4.median-of-two-sorted-arrays\4.median-of-two-sorted-arrays.vcxproj", "{40FDAAA0-C500-4C45-853D-40772BDB6651}"
EndProject
Project("{8BC9CEB8-8B4A-11D0-8D11-00A0C91BC942}") = "202.happy_number", "202.happy_number\202.happy_number.vcxproj", "{129F2F3F-62A9-4B40-82F5-E36074313AA0}"
EndProject
Project("{8BC9CEB8-8B4A-11D0-8D11-00A0C91BC942}") = "235.lowest_common_ancestor_of_a_bst", "235.lowest_common_ancestor_of_a_bst\235.lowest_common_ancestor_of_a_bst.vcxproj", "{2387A374-F083-48A4-AE1D-D556D64CBD4A}"
EndProject
Project("{8BC9CEB8-8B4A-11D0-8D11-00A0C91BC942}") = "264.ugly_number_ii", "264.ugly_number_ii\264.ugly_number_ii.vcxproj", "{BFB1897C-92F2-4CA4-AA2A-8B76399F8E56}"
EndProject
Project("{8BC9CEB8-8B4A-11D0-8D11-00A0C91BC942}") = "278.first_bad_version", "278.first_bad_version\278.first_bad_version.vcxproj", "{ADBF77ED-5D36-4C73-BEBA-82372BA92DBC}"
EndProject
Project("{8BC9CEB8-8B4A-11D0-8D11-00A0C91BC942}") = "303.range_sum_query_immutable", "303.range_sum_query_immutable\303.range_sum_query_immutable.vcxproj", "{5143A10B-7624-4502-9800-67FCD798C239}"
EndProject
Project("{8BC9CEB8-8B4A-11D0-8D11-00A0C91BC942}") = "367.valid_perfect_square", "367.valid_perfect_square\367.valid_perfect_square.vcxproj", "{37D53585-B4EC-4C37-84ED-16882E644B1A}"
EndProject
Project("{8BC9CEB8-8B4A-11D0-8D11-00A0C91BC942}") = "374.guess_number_higher_or_lower", "374.guess_number_higher_or_lower\374.guess_number_higher_or_lower.vcxproj", "{A9324A1C-1960-42D6-97FA-BAC50EFE504C}"
EndProject
Project("{8BC9CEB8-8B4A-11D0-8D11-00A0C91BC942}") = "401.binary_watch", "401.binary_watch\401.binary_watch.vcxproj", "{D8C7122A-6E24-4E98-B390-1CECDBFBDE60}"
EndProject
Project("{8BC9CEB8-8B4A-11D0-8D11-00A0C91BC942}") = "437.path_sum_iii", "437.path_sum_iii\437.path_sum_iii.vcxproj", "{FA7CBE90-B680-45B9-AE5E-12578719E94F}"
EndProject
Project("{8BC9CEB8-8B4A-11D0-8D11-00A0C91BC942}") = "441.arrange_coins", "441.arrange_coins\441.arrange_coins.vcxproj", "{B46FAD5A-8DED-4643-8498-653530C1B9F5}"
EndProject
Project("{8BC9CEB8-8B4A-11D0-8D11-00A0C91BC942}") = "447.numbers_of_boomerangs", "447.numbers_of_boomerangs\447.numbers_of_boomerangs.vcxproj", "{B111086F-39F9-4D59-9A3E-DB3A308F33D0}"
EndProject
Project("{8BC9CEB8-8B4A-11D0-8D11-00A0C91BC942}") = "459.repeated_substring_pattern", "459.repeated_substring_pattern\459.repeated_substring_pattern.vcxproj", "{D7FF60A3-FE36-4DF3-B5FD-CF33066E7D51}"
EndProject
Project("{8BC9CEB8-8B4A-11D0-8D11-00A0C91BC942}") = "482.licence_key_formatting", "482.licence_key_formatting\482.licence_key_formatting.vcxproj", "{F568EB32-6A43-4A46-BA8C-CD145E21F419}"
EndProject
Project("{8BC9CEB8-8B4A-11D0-8D11-00A0C91BC942}") = "532.k_diff_pairs_in_an_array", "532.k_diff_pairs_in_an_array\532.k_diff_pairs_in_an_array.vcxproj", "{230B935F-BFC1-4CFA-B653-418C6F557B07}"
EndProject
Project("{8BC9CEB8-8B4A-11D0-8D11-00A0C91BC942}") = "572.subtree_of_another_tree", "572.subtree_of_another_tree\572.subtree_of_another_tree.vcxproj", "{1E645C30-02AD-4B4F-B407-26479B73EE2A}"
EndProject
Project("{8BC9CEB8-8B4A-11D0-8D11-00A0C91BC942}") = "590.n_ary_tree_post_order_traversal", "590.n_ary_tree_post_order_traversal\590.n_ary_tree_post_order_traversal.vcxproj", "{1EE9FDBF-D2AB-4468-9313-45B826E0E8FD}"
EndProject
Project("{8BC9CEB8-8B4A-11D0-8D11-00A0C91BC942}") = "036.valid_sudoku", "36.valid_sudoku\36.valid_sudoku.vcxproj", "{55E7FA62-56E0-4057-A06A-006D910747C4}"
EndProject
Project("{8BC9CEB8-8B4A-11D0-8D11-00A0C91BC942}") = "037.solve_sudoku", "37.solve_sudoku\37.solve_sudoku.vcxproj", "{87DA6273-C859-49FE-9031-43B9B9B03BC1}"
EndProject
Project("{8BC9CEB8-8B4A-11D0-8D11-00A0C91BC942}") = "228.summary_ranges", "228.summary_ranges\228.summary_ranges.vcxproj", "{6D5D2B24-AFCA-473C-B1A5-4457B9A7A450}"
EndProject
Project("{2150E333-8FDC-42A3-9474-1A3956D46DE8}") = "easy", "easy", "{29966FEF-7A4A-4CF4-929D-D4B09AC7B2B5}"
EndProject
Project("{2150E333-8FDC-42A3-9474-1A3956D46DE8}") = "middle", "middle", "{F0B71AB4-629C-4678-B9BC-46DDA68CB54F}"
EndProject
Project("{2150E333-8FDC-42A3-9474-1A3956D46DE8}") = "hard", "hard", "{7FAA4992-768D-4917-B8DA-5B350B417E9C}"
EndProject
Project("{8BC9CEB8-8B4A-11D0-8D11-00A0C91BC942}") = "599.minimum-index-sum-of-two-lists", "599.minimum-index-sum-of-two-lists\599.minimum-index-sum-of-two-lists.vcxproj", "{3CAE22C6-22DB-4E88-A278-A6D83D4494D4}"
EndProject
Project("{8BC9CEB8-8B4A-11D0-8D11-00A0C91BC942}") = "605.can-place-flowers", "605.can-place-flowers\605.can-place-flowers.vcxproj", "{65751B5A-13A1-4CA0-87FF-B8AD5B276054}"
EndProject
Project("{8BC9CEB8-8B4A-11D0-8D11-00A0C91BC942}") = "606.construct-string-from-binary-tree", "606.construct-string-from-binary-tree\606.construct-string-from-binary-tree.vcxproj", "{E2AD78F0-304A-4371-980E-A44BEDE73309}"
EndProject
Global
	GlobalSection(SolutionConfigurationPlatforms) = preSolution
		Debug|x64 = Debug|x64
		Debug|x86 = Debug|x86
		Release|x64 = Release|x64
		Release|x86 = Release|x86
	EndGlobalSection
	GlobalSection(ProjectConfigurationPlatforms) = postSolution
		{B8FB9381-1B21-4DD6-8511-F590D2F64E26}.Debug|x64.ActiveCfg = Debug|x64
		{B8FB9381-1B21-4DD6-8511-F590D2F64E26}.Debug|x64.Build.0 = Debug|x64
		{B8FB9381-1B21-4DD6-8511-F590D2F64E26}.Debug|x86.ActiveCfg = Debug|Win32
		{B8FB9381-1B21-4DD6-8511-F590D2F64E26}.Debug|x86.Build.0 = Debug|Win32
		{B8FB9381-1B21-4DD6-8511-F590D2F64E26}.Release|x64.ActiveCfg = Release|x64
		{B8FB9381-1B21-4DD6-8511-F590D2F64E26}.Release|x64.Build.0 = Release|x64
		{B8FB9381-1B21-4DD6-8511-F590D2F64E26}.Release|x86.ActiveCfg = Release|Win32
		{B8FB9381-1B21-4DD6-8511-F590D2F64E26}.Release|x86.Build.0 = Release|Win32
		{3A67F380-1065-40F1-AFEC-3FE80F90B574}.Debug|x64.ActiveCfg = Debug|x64
		{3A67F380-1065-40F1-AFEC-3FE80F90B574}.Debug|x64.Build.0 = Debug|x64
		{3A67F380-1065-40F1-AFEC-3FE80F90B574}.Debug|x86.ActiveCfg = Debug|Win32
		{3A67F380-1065-40F1-AFEC-3FE80F90B574}.Debug|x86.Build.0 = Debug|Win32
		{3A67F380-1065-40F1-AFEC-3FE80F90B574}.Release|x64.ActiveCfg = Release|x64
		{3A67F380-1065-40F1-AFEC-3FE80F90B574}.Release|x64.Build.0 = Release|x64
		{3A67F380-1065-40F1-AFEC-3FE80F90B574}.Release|x86.ActiveCfg = Release|Win32
		{3A67F380-1065-40F1-AFEC-3FE80F90B574}.Release|x86.Build.0 = Release|Win32
		{86918E76-1DB9-49AA-B70A-A7F09245B54E}.Debug|x64.ActiveCfg = Debug|x64
		{86918E76-1DB9-49AA-B70A-A7F09245B54E}.Debug|x64.Build.0 = Debug|x64
		{86918E76-1DB9-49AA-B70A-A7F09245B54E}.Debug|x86.ActiveCfg = Debug|Win32
		{86918E76-1DB9-49AA-B70A-A7F09245B54E}.Debug|x86.Build.0 = Debug|Win32
		{86918E76-1DB9-49AA-B70A-A7F09245B54E}.Release|x64.ActiveCfg = Release|x64
		{86918E76-1DB9-49AA-B70A-A7F09245B54E}.Release|x64.Build.0 = Release|x64
		{86918E76-1DB9-49AA-B70A-A7F09245B54E}.Release|x86.ActiveCfg = Release|Win32
		{86918E76-1DB9-49AA-B70A-A7F09245B54E}.Release|x86.Build.0 = Release|Win32
		{A2B4FA6C-C3F0-4D47-993D-9FC47EA17DC5}.Debug|x64.ActiveCfg = Debug|x64
		{A2B4FA6C-C3F0-4D47-993D-9FC47EA17DC5}.Debug|x64.Build.0 = Debug|x64
		{A2B4FA6C-C3F0-4D47-993D-9FC47EA17DC5}.Debug|x86.ActiveCfg = Debug|Win32
		{A2B4FA6C-C3F0-4D47-993D-9FC47EA17DC5}.Debug|x86.Build.0 = Debug|Win32
		{A2B4FA6C-C3F0-4D47-993D-9FC47EA17DC5}.Release|x64.ActiveCfg = Release|x64
		{A2B4FA6C-C3F0-4D47-993D-9FC47EA17DC5}.Release|x64.Build.0 = Release|x64
		{A2B4FA6C-C3F0-4D47-993D-9FC47EA17DC5}.Release|x86.ActiveCfg = Release|Win32
		{A2B4FA6C-C3F0-4D47-993D-9FC47EA17DC5}.Release|x86.Build.0 = Release|Win32
		{0DABF87A-3140-4225-80FE-60383036BCC6}.Debug|x64.ActiveCfg = Debug|x64
		{0DABF87A-3140-4225-80FE-60383036BCC6}.Debug|x64.Build.0 = Debug|x64
		{0DABF87A-3140-4225-80FE-60383036BCC6}.Debug|x86.ActiveCfg = Debug|Win32
		{0DABF87A-3140-4225-80FE-60383036BCC6}.Debug|x86.Build.0 = Debug|Win32
		{0DABF87A-3140-4225-80FE-60383036BCC6}.Release|x64.ActiveCfg = Release|x64
		{0DABF87A-3140-4225-80FE-60383036BCC6}.Release|x64.Build.0 = Release|x64
		{0DABF87A-3140-4225-80FE-60383036BCC6}.Release|x86.ActiveCfg = Release|Win32
		{0DABF87A-3140-4225-80FE-60383036BCC6}.Release|x86.Build.0 = Release|Win32
		{0B81B10C-75E5-4059-95A5-A37483FAAD32}.Debug|x64.ActiveCfg = Debug|x64
		{0B81B10C-75E5-4059-95A5-A37483FAAD32}.Debug|x64.Build.0 = Debug|x64
		{0B81B10C-75E5-4059-95A5-A37483FAAD32}.Debug|x86.ActiveCfg = Debug|Win32
		{0B81B10C-75E5-4059-95A5-A37483FAAD32}.Debug|x86.Build.0 = Debug|Win32
		{0B81B10C-75E5-4059-95A5-A37483FAAD32}.Release|x64.ActiveCfg = Release|x64
		{0B81B10C-75E5-4059-95A5-A37483FAAD32}.Release|x64.Build.0 = Release|x64
		{0B81B10C-75E5-4059-95A5-A37483FAAD32}.Release|x86.ActiveCfg = Release|Win32
		{0B81B10C-75E5-4059-95A5-A37483FAAD32}.Release|x86.Build.0 = Release|Win32
		{17CFF346-A2DE-4C02-AACD-E3F8BFBEED9D}.Debug|x64.ActiveCfg = Debug|x64
		{17CFF346-A2DE-4C02-AACD-E3F8BFBEED9D}.Debug|x64.Build.0 = Debug|x64
		{17CFF346-A2DE-4C02-AACD-E3F8BFBEED9D}.Debug|x86.ActiveCfg = Debug|Win32
		{17CFF346-A2DE-4C02-AACD-E3F8BFBEED9D}.Debug|x86.Build.0 = Debug|Win32
		{17CFF346-A2DE-4C02-AACD-E3F8BFBEED9D}.Release|x64.ActiveCfg = Release|x64
		{17CFF346-A2DE-4C02-AACD-E3F8BFBEED9D}.Release|x64.Build.0 = Release|x64
		{17CFF346-A2DE-4C02-AACD-E3F8BFBEED9D}.Release|x86.ActiveCfg = Release|Win32
		{17CFF346-A2DE-4C02-AACD-E3F8BFBEED9D}.Release|x86.Build.0 = Release|Win32
		{C51145F9-233E-47AB-85D1-99D07DED6BED}.Debug|x64.ActiveCfg = Debug|x64
		{C51145F9-233E-47AB-85D1-99D07DED6BED}.Debug|x64.Build.0 = Debug|x64
		{C51145F9-233E-47AB-85D1-99D07DED6BED}.Debug|x86.ActiveCfg = Debug|Win32
		{C51145F9-233E-47AB-85D1-99D07DED6BED}.Debug|x86.Build.0 = Debug|Win32
		{C51145F9-233E-47AB-85D1-99D07DED6BED}.Release|x64.ActiveCfg = Release|x64
		{C51145F9-233E-47AB-85D1-99D07DED6BED}.Release|x64.Build.0 = Release|x64
		{C51145F9-233E-47AB-85D1-99D07DED6BED}.Release|x86.ActiveCfg = Release|Win32
		{C51145F9-233E-47AB-85D1-99D07DED6BED}.Release|x86.Build.0 = Release|Win32
		{E570B58D-89E2-4C24-A310-CCE69EDC8643}.Debug|x64.ActiveCfg = Debug|x64
		{E570B58D-89E2-4C24-A310-CCE69EDC8643}.Debug|x64.Build.0 = Debug|x64
		{E570B58D-89E2-4C24-A310-CCE69EDC8643}.Debug|x86.ActiveCfg = Debug|Win32
		{E570B58D-89E2-4C24-A310-CCE69EDC8643}.Debug|x86.Build.0 = Debug|Win32
		{E570B58D-89E2-4C24-A310-CCE69EDC8643}.Release|x64.ActiveCfg = Release|x64
		{E570B58D-89E2-4C24-A310-CCE69EDC8643}.Release|x64.Build.0 = Release|x64
		{E570B58D-89E2-4C24-A310-CCE69EDC8643}.Release|x86.ActiveCfg = Release|Win32
		{E570B58D-89E2-4C24-A310-CCE69EDC8643}.Release|x86.Build.0 = Release|Win32
		{CDBA51AB-B810-49D6-8553-64440635E5E6}.Debug|x64.ActiveCfg = Debug|x64
		{CDBA51AB-B810-49D6-8553-64440635E5E6}.Debug|x64.Build.0 = Debug|x64
		{CDBA51AB-B810-49D6-8553-64440635E5E6}.Debug|x86.ActiveCfg = Debug|Win32
		{CDBA51AB-B810-49D6-8553-64440635E5E6}.Debug|x86.Build.0 = Debug|Win32
		{CDBA51AB-B810-49D6-8553-64440635E5E6}.Release|x64.ActiveCfg = Release|x64
		{CDBA51AB-B810-49D6-8553-64440635E5E6}.Release|x64.Build.0 = Release|x64
		{CDBA51AB-B810-49D6-8553-64440635E5E6}.Release|x86.ActiveCfg = Release|Win32
		{CDBA51AB-B810-49D6-8553-64440635E5E6}.Release|x86.Build.0 = Release|Win32
		{D2223075-28D3-4F1A-8B51-91700B2455DB}.Debug|x64.ActiveCfg = Debug|x64
		{D2223075-28D3-4F1A-8B51-91700B2455DB}.Debug|x64.Build.0 = Debug|x64
		{D2223075-28D3-4F1A-8B51-91700B2455DB}.Debug|x86.ActiveCfg = Debug|Win32
		{D2223075-28D3-4F1A-8B51-91700B2455DB}.Debug|x86.Build.0 = Debug|Win32
		{D2223075-28D3-4F1A-8B51-91700B2455DB}.Release|x64.ActiveCfg = Release|x64
		{D2223075-28D3-4F1A-8B51-91700B2455DB}.Release|x64.Build.0 = Release|x64
		{D2223075-28D3-4F1A-8B51-91700B2455DB}.Release|x86.ActiveCfg = Release|Win32
		{D2223075-28D3-4F1A-8B51-91700B2455DB}.Release|x86.Build.0 = Release|Win32
		{3B6A899A-55EA-4416-9817-65EA053AF9B3}.Debug|x64.ActiveCfg = Debug|x64
		{3B6A899A-55EA-4416-9817-65EA053AF9B3}.Debug|x64.Build.0 = Debug|x64
		{3B6A899A-55EA-4416-9817-65EA053AF9B3}.Debug|x86.ActiveCfg = Debug|Win32
		{3B6A899A-55EA-4416-9817-65EA053AF9B3}.Debug|x86.Build.0 = Debug|Win32
		{3B6A899A-55EA-4416-9817-65EA053AF9B3}.Release|x64.ActiveCfg = Release|x64
		{3B6A899A-55EA-4416-9817-65EA053AF9B3}.Release|x64.Build.0 = Release|x64
		{3B6A899A-55EA-4416-9817-65EA053AF9B3}.Release|x86.ActiveCfg = Release|Win32
		{3B6A899A-55EA-4416-9817-65EA053AF9B3}.Release|x86.Build.0 = Release|Win32
		{8EFD46F6-7BBF-42ED-901F-3ACB6E145C61}.Debug|x64.ActiveCfg = Debug|x64
		{8EFD46F6-7BBF-42ED-901F-3ACB6E145C61}.Debug|x64.Build.0 = Debug|x64
		{8EFD46F6-7BBF-42ED-901F-3ACB6E145C61}.Debug|x86.ActiveCfg = Debug|Win32
		{8EFD46F6-7BBF-42ED-901F-3ACB6E145C61}.Debug|x86.Build.0 = Debug|Win32
		{8EFD46F6-7BBF-42ED-901F-3ACB6E145C61}.Release|x64.ActiveCfg = Release|x64
		{8EFD46F6-7BBF-42ED-901F-3ACB6E145C61}.Release|x64.Build.0 = Release|x64
		{8EFD46F6-7BBF-42ED-901F-3ACB6E145C61}.Release|x86.ActiveCfg = Release|Win32
		{8EFD46F6-7BBF-42ED-901F-3ACB6E145C61}.Release|x86.Build.0 = Release|Win32
		{C8E6AF2B-346F-434A-9172-B3B789EC6CF0}.Debug|x64.ActiveCfg = Debug|x64
		{C8E6AF2B-346F-434A-9172-B3B789EC6CF0}.Debug|x64.Build.0 = Debug|x64
		{C8E6AF2B-346F-434A-9172-B3B789EC6CF0}.Debug|x86.ActiveCfg = Debug|Win32
		{C8E6AF2B-346F-434A-9172-B3B789EC6CF0}.Debug|x86.Build.0 = Debug|Win32
		{C8E6AF2B-346F-434A-9172-B3B789EC6CF0}.Release|x64.ActiveCfg = Release|x64
		{C8E6AF2B-346F-434A-9172-B3B789EC6CF0}.Release|x64.Build.0 = Release|x64
		{C8E6AF2B-346F-434A-9172-B3B789EC6CF0}.Release|x86.ActiveCfg = Release|Win32
		{C8E6AF2B-346F-434A-9172-B3B789EC6CF0}.Release|x86.Build.0 = Release|Win32
		{6F58EC21-970C-42EB-99A6-6B08AA638D6D}.Debug|x64.ActiveCfg = Debug|x64
		{6F58EC21-970C-42EB-99A6-6B08AA638D6D}.Debug|x64.Build.0 = Debug|x64
		{6F58EC21-970C-42EB-99A6-6B08AA638D6D}.Debug|x86.ActiveCfg = Debug|Win32
		{6F58EC21-970C-42EB-99A6-6B08AA638D6D}.Debug|x86.Build.0 = Debug|Win32
		{6F58EC21-970C-42EB-99A6-6B08AA638D6D}.Release|x64.ActiveCfg = Release|x64
		{6F58EC21-970C-42EB-99A6-6B08AA638D6D}.Release|x64.Build.0 = Release|x64
		{6F58EC21-970C-42EB-99A6-6B08AA638D6D}.Release|x86.ActiveCfg = Release|Win32
		{6F58EC21-970C-42EB-99A6-6B08AA638D6D}.Release|x86.Build.0 = Release|Win32
		{381E7EBC-9B72-43A8-ACB5-35F0ADAE4816}.Debug|x64.ActiveCfg = Debug|x64
		{381E7EBC-9B72-43A8-ACB5-35F0ADAE4816}.Debug|x64.Build.0 = Debug|x64
		{381E7EBC-9B72-43A8-ACB5-35F0ADAE4816}.Debug|x86.ActiveCfg = Debug|Win32
		{381E7EBC-9B72-43A8-ACB5-35F0ADAE4816}.Debug|x86.Build.0 = Debug|Win32
		{381E7EBC-9B72-43A8-ACB5-35F0ADAE4816}.Release|x64.ActiveCfg = Release|x64
		{381E7EBC-9B72-43A8-ACB5-35F0ADAE4816}.Release|x64.Build.0 = Release|x64
		{381E7EBC-9B72-43A8-ACB5-35F0ADAE4816}.Release|x86.ActiveCfg = Release|Win32
		{381E7EBC-9B72-43A8-ACB5-35F0ADAE4816}.Release|x86.Build.0 = Release|Win32
		{1710E418-E4BA-41AD-B27D-0B823327CD86}.Debug|x64.ActiveCfg = Debug|x64
		{1710E418-E4BA-41AD-B27D-0B823327CD86}.Debug|x64.Build.0 = Debug|x64
		{1710E418-E4BA-41AD-B27D-0B823327CD86}.Debug|x86.ActiveCfg = Debug|Win32
		{1710E418-E4BA-41AD-B27D-0B823327CD86}.Debug|x86.Build.0 = Debug|Win32
		{1710E418-E4BA-41AD-B27D-0B823327CD86}.Release|x64.ActiveCfg = Release|x64
		{1710E418-E4BA-41AD-B27D-0B823327CD86}.Release|x64.Build.0 = Release|x64
		{1710E418-E4BA-41AD-B27D-0B823327CD86}.Release|x86.ActiveCfg = Release|Win32
		{1710E418-E4BA-41AD-B27D-0B823327CD86}.Release|x86.Build.0 = Release|Win32
		{901A648C-5315-4C11-A207-B48381B72202}.Debug|x64.ActiveCfg = Debug|x64
		{901A648C-5315-4C11-A207-B48381B72202}.Debug|x64.Build.0 = Debug|x64
		{901A648C-5315-4C11-A207-B48381B72202}.Debug|x86.ActiveCfg = Debug|Win32
		{901A648C-5315-4C11-A207-B48381B72202}.Debug|x86.Build.0 = Debug|Win32
		{901A648C-5315-4C11-A207-B48381B72202}.Release|x64.ActiveCfg = Release|x64
		{901A648C-5315-4C11-A207-B48381B72202}.Release|x64.Build.0 = Release|x64
		{901A648C-5315-4C11-A207-B48381B72202}.Release|x86.ActiveCfg = Release|Win32
		{901A648C-5315-4C11-A207-B48381B72202}.Release|x86.Build.0 = Release|Win32
		{3C851EFA-7950-4AD7-A016-925BF1DC2A5B}.Debug|x64.ActiveCfg = Debug|x64
		{3C851EFA-7950-4AD7-A016-925BF1DC2A5B}.Debug|x64.Build.0 = Debug|x64
		{3C851EFA-7950-4AD7-A016-925BF1DC2A5B}.Debug|x86.ActiveCfg = Debug|Win32
		{3C851EFA-7950-4AD7-A016-925BF1DC2A5B}.Debug|x86.Build.0 = Debug|Win32
		{3C851EFA-7950-4AD7-A016-925BF1DC2A5B}.Release|x64.ActiveCfg = Release|x64
		{3C851EFA-7950-4AD7-A016-925BF1DC2A5B}.Release|x64.Build.0 = Release|x64
		{3C851EFA-7950-4AD7-A016-925BF1DC2A5B}.Release|x86.ActiveCfg = Release|Win32
		{3C851EFA-7950-4AD7-A016-925BF1DC2A5B}.Release|x86.Build.0 = Release|Win32
		{40870A51-C5B7-43F8-BBAA-44486C628DAA}.Debug|x64.ActiveCfg = Debug|x64
		{40870A51-C5B7-43F8-BBAA-44486C628DAA}.Debug|x64.Build.0 = Debug|x64
		{40870A51-C5B7-43F8-BBAA-44486C628DAA}.Debug|x86.ActiveCfg = Debug|Win32
		{40870A51-C5B7-43F8-BBAA-44486C628DAA}.Debug|x86.Build.0 = Debug|Win32
		{40870A51-C5B7-43F8-BBAA-44486C628DAA}.Release|x64.ActiveCfg = Release|x64
		{40870A51-C5B7-43F8-BBAA-44486C628DAA}.Release|x64.Build.0 = Release|x64
		{40870A51-C5B7-43F8-BBAA-44486C628DAA}.Release|x86.ActiveCfg = Release|Win32
		{40870A51-C5B7-43F8-BBAA-44486C628DAA}.Release|x86.Build.0 = Release|Win32
		{A4335774-9E74-414E-A1F1-182F3FC6E248}.Debug|x64.ActiveCfg = Debug|x64
		{A4335774-9E74-414E-A1F1-182F3FC6E248}.Debug|x64.Build.0 = Debug|x64
		{A4335774-9E74-414E-A1F1-182F3FC6E248}.Debug|x86.ActiveCfg = Debug|Win32
		{A4335774-9E74-414E-A1F1-182F3FC6E248}.Debug|x86.Build.0 = Debug|Win32
		{A4335774-9E74-414E-A1F1-182F3FC6E248}.Release|x64.ActiveCfg = Release|x64
		{A4335774-9E74-414E-A1F1-182F3FC6E248}.Release|x64.Build.0 = Release|x64
		{A4335774-9E74-414E-A1F1-182F3FC6E248}.Release|x86.ActiveCfg = Release|Win32
		{A4335774-9E74-414E-A1F1-182F3FC6E248}.Release|x86.Build.0 = Release|Win32
		{04B9D2F1-658D-424E-81EE-B4AFA7ECB045}.Debug|x64.ActiveCfg = Debug|x64
		{04B9D2F1-658D-424E-81EE-B4AFA7ECB045}.Debug|x64.Build.0 = Debug|x64
		{04B9D2F1-658D-424E-81EE-B4AFA7ECB045}.Debug|x86.ActiveCfg = Debug|Win32
		{04B9D2F1-658D-424E-81EE-B4AFA7ECB045}.Debug|x86.Build.0 = Debug|Win32
		{04B9D2F1-658D-424E-81EE-B4AFA7ECB045}.Release|x64.ActiveCfg = Release|x64
		{04B9D2F1-658D-424E-81EE-B4AFA7ECB045}.Release|x64.Build.0 = Release|x64
		{04B9D2F1-658D-424E-81EE-B4AFA7ECB045}.Release|x86.ActiveCfg = Release|Win32
		{04B9D2F1-658D-424E-81EE-B4AFA7ECB045}.Release|x86.Build.0 = Release|Win32
		{E0A0DC45-611F-4B1C-BE2A-6C4F2899C680}.Debug|x64.ActiveCfg = Debug|x64
		{E0A0DC45-611F-4B1C-BE2A-6C4F2899C680}.Debug|x64.Build.0 = Debug|x64
		{E0A0DC45-611F-4B1C-BE2A-6C4F2899C680}.Debug|x86.ActiveCfg = Debug|Win32
		{E0A0DC45-611F-4B1C-BE2A-6C4F2899C680}.Debug|x86.Build.0 = Debug|Win32
		{E0A0DC45-611F-4B1C-BE2A-6C4F2899C680}.Release|x64.ActiveCfg = Release|x64
		{E0A0DC45-611F-4B1C-BE2A-6C4F2899C680}.Release|x64.Build.0 = Release|x64
		{E0A0DC45-611F-4B1C-BE2A-6C4F2899C680}.Release|x86.ActiveCfg = Release|Win32
		{E0A0DC45-611F-4B1C-BE2A-6C4F2899C680}.Release|x86.Build.0 = Release|Win32
		{CA94957E-74BF-46FD-BEDB-E6CE8A408269}.Debug|x64.ActiveCfg = Debug|x64
		{CA94957E-74BF-46FD-BEDB-E6CE8A408269}.Debug|x64.Build.0 = Debug|x64
		{CA94957E-74BF-46FD-BEDB-E6CE8A408269}.Debug|x86.ActiveCfg = Debug|Win32
		{CA94957E-74BF-46FD-BEDB-E6CE8A408269}.Debug|x86.Build.0 = Debug|Win32
		{CA94957E-74BF-46FD-BEDB-E6CE8A408269}.Release|x64.ActiveCfg = Release|x64
		{CA94957E-74BF-46FD-BEDB-E6CE8A408269}.Release|x64.Build.0 = Release|x64
		{CA94957E-74BF-46FD-BEDB-E6CE8A408269}.Release|x86.ActiveCfg = Release|Win32
		{CA94957E-74BF-46FD-BEDB-E6CE8A408269}.Release|x86.Build.0 = Release|Win32
		{A02054DD-0C95-491C-B3D1-AA1932FDE618}.Debug|x64.ActiveCfg = Debug|x64
		{A02054DD-0C95-491C-B3D1-AA1932FDE618}.Debug|x64.Build.0 = Debug|x64
		{A02054DD-0C95-491C-B3D1-AA1932FDE618}.Debug|x86.ActiveCfg = Debug|Win32
		{A02054DD-0C95-491C-B3D1-AA1932FDE618}.Debug|x86.Build.0 = Debug|Win32
		{A02054DD-0C95-491C-B3D1-AA1932FDE618}.Release|x64.ActiveCfg = Release|x64
		{A02054DD-0C95-491C-B3D1-AA1932FDE618}.Release|x64.Build.0 = Release|x64
		{A02054DD-0C95-491C-B3D1-AA1932FDE618}.Release|x86.ActiveCfg = Release|Win32
		{A02054DD-0C95-491C-B3D1-AA1932FDE618}.Release|x86.Build.0 = Release|Win32
		{8DD332EC-140C-4E7C-9CAF-6BE1E85EB7D9}.Debug|x64.ActiveCfg = Debug|x64
		{8DD332EC-140C-4E7C-9CAF-6BE1E85EB7D9}.Debug|x64.Build.0 = Debug|x64
		{8DD332EC-140C-4E7C-9CAF-6BE1E85EB7D9}.Debug|x86.ActiveCfg = Debug|Win32
		{8DD332EC-140C-4E7C-9CAF-6BE1E85EB7D9}.Debug|x86.Build.0 = Debug|Win32
		{8DD332EC-140C-4E7C-9CAF-6BE1E85EB7D9}.Release|x64.ActiveCfg = Release|x64
		{8DD332EC-140C-4E7C-9CAF-6BE1E85EB7D9}.Release|x64.Build.0 = Release|x64
		{8DD332EC-140C-4E7C-9CAF-6BE1E85EB7D9}.Release|x86.ActiveCfg = Release|Win32
		{8DD332EC-140C-4E7C-9CAF-6BE1E85EB7D9}.Release|x86.Build.0 = Release|Win32
		{51A5F55D-84AE-4D38-A84C-EAA732B819BC}.Debug|x64.ActiveCfg = Debug|x64
		{51A5F55D-84AE-4D38-A84C-EAA732B819BC}.Debug|x64.Build.0 = Debug|x64
		{51A5F55D-84AE-4D38-A84C-EAA732B819BC}.Debug|x86.ActiveCfg = Debug|Win32
		{51A5F55D-84AE-4D38-A84C-EAA732B819BC}.Debug|x86.Build.0 = Debug|Win32
		{51A5F55D-84AE-4D38-A84C-EAA732B819BC}.Release|x64.ActiveCfg = Release|x64
		{51A5F55D-84AE-4D38-A84C-EAA732B819BC}.Release|x64.Build.0 = Release|x64
		{51A5F55D-84AE-4D38-A84C-EAA732B819BC}.Release|x86.ActiveCfg = Release|Win32
		{51A5F55D-84AE-4D38-A84C-EAA732B819BC}.Release|x86.Build.0 = Release|Win32
		{4CF86004-F4CE-4BBB-B2E5-136D26F6A43C}.Debug|x64.ActiveCfg = Debug|x64
		{4CF86004-F4CE-4BBB-B2E5-136D26F6A43C}.Debug|x64.Build.0 = Debug|x64
		{4CF86004-F4CE-4BBB-B2E5-136D26F6A43C}.Debug|x86.ActiveCfg = Debug|Win32
		{4CF86004-F4CE-4BBB-B2E5-136D26F6A43C}.Debug|x86.Build.0 = Debug|Win32
		{4CF86004-F4CE-4BBB-B2E5-136D26F6A43C}.Release|x64.ActiveCfg = Release|x64
		{4CF86004-F4CE-4BBB-B2E5-136D26F6A43C}.Release|x64.Build.0 = Release|x64
		{4CF86004-F4CE-4BBB-B2E5-136D26F6A43C}.Release|x86.ActiveCfg = Release|Win32
		{4CF86004-F4CE-4BBB-B2E5-136D26F6A43C}.Release|x86.Build.0 = Release|Win32
		{39436681-A45A-4EEE-B9DE-1DE489A42963}.Debug|x64.ActiveCfg = Debug|x64
		{39436681-A45A-4EEE-B9DE-1DE489A42963}.Debug|x64.Build.0 = Debug|x64
		{39436681-A45A-4EEE-B9DE-1DE489A42963}.Debug|x86.ActiveCfg = Debug|Win32
		{39436681-A45A-4EEE-B9DE-1DE489A42963}.Debug|x86.Build.0 = Debug|Win32
		{39436681-A45A-4EEE-B9DE-1DE489A42963}.Release|x64.ActiveCfg = Release|x64
		{39436681-A45A-4EEE-B9DE-1DE489A42963}.Release|x64.Build.0 = Release|x64
		{39436681-A45A-4EEE-B9DE-1DE489A42963}.Release|x86.ActiveCfg = Release|Win32
		{39436681-A45A-4EEE-B9DE-1DE489A42963}.Release|x86.Build.0 = Release|Win32
		{946313DC-6D68-4047-9D72-E2F62DBE1340}.Debug|x64.ActiveCfg = Debug|x64
		{946313DC-6D68-4047-9D72-E2F62DBE1340}.Debug|x64.Build.0 = Debug|x64
		{946313DC-6D68-4047-9D72-E2F62DBE1340}.Debug|x86.ActiveCfg = Debug|Win32
		{946313DC-6D68-4047-9D72-E2F62DBE1340}.Debug|x86.Build.0 = Debug|Win32
		{946313DC-6D68-4047-9D72-E2F62DBE1340}.Release|x64.ActiveCfg = Release|x64
		{946313DC-6D68-4047-9D72-E2F62DBE1340}.Release|x64.Build.0 = Release|x64
		{946313DC-6D68-4047-9D72-E2F62DBE1340}.Release|x86.ActiveCfg = Release|Win32
		{946313DC-6D68-4047-9D72-E2F62DBE1340}.Release|x86.Build.0 = Release|Win32
		{40FDAAA0-C500-4C45-853D-40772BDB6651}.Debug|x64.ActiveCfg = Debug|x64
		{40FDAAA0-C500-4C45-853D-40772BDB6651}.Debug|x64.Build.0 = Debug|x64
		{40FDAAA0-C500-4C45-853D-40772BDB6651}.Debug|x86.ActiveCfg = Debug|Win32
		{40FDAAA0-C500-4C45-853D-40772BDB6651}.Debug|x86.Build.0 = Debug|Win32
		{40FDAAA0-C500-4C45-853D-40772BDB6651}.Release|x64.ActiveCfg = Release|x64
		{40FDAAA0-C500-4C45-853D-40772BDB6651}.Release|x64.Build.0 = Release|x64
		{40FDAAA0-C500-4C45-853D-40772BDB6651}.Release|x86.ActiveCfg = Release|Win32
		{40FDAAA0-C500-4C45-853D-40772BDB6651}.Release|x86.Build.0 = Release|Win32
		{129F2F3F-62A9-4B40-82F5-E36074313AA0}.Debug|x64.ActiveCfg = Debug|x64
		{129F2F3F-62A9-4B40-82F5-E36074313AA0}.Debug|x64.Build.0 = Debug|x64
		{129F2F3F-62A9-4B40-82F5-E36074313AA0}.Debug|x86.ActiveCfg = Debug|Win32
		{129F2F3F-62A9-4B40-82F5-E36074313AA0}.Debug|x86.Build.0 = Debug|Win32
		{129F2F3F-62A9-4B40-82F5-E36074313AA0}.Release|x64.ActiveCfg = Release|x64
		{129F2F3F-62A9-4B40-82F5-E36074313AA0}.Release|x64.Build.0 = Release|x64
		{129F2F3F-62A9-4B40-82F5-E36074313AA0}.Release|x86.ActiveCfg = Release|Win32
		{129F2F3F-62A9-4B40-82F5-E36074313AA0}.Release|x86.Build.0 = Release|Win32
		{2387A374-F083-48A4-AE1D-D556D64CBD4A}.Debug|x64.ActiveCfg = Debug|x64
		{2387A374-F083-48A4-AE1D-D556D64CBD4A}.Debug|x64.Build.0 = Debug|x64
		{2387A374-F083-48A4-AE1D-D556D64CBD4A}.Debug|x86.ActiveCfg = Debug|Win32
		{2387A374-F083-48A4-AE1D-D556D64CBD4A}.Debug|x86.Build.0 = Debug|Win32
		{2387A374-F083-48A4-AE1D-D556D64CBD4A}.Release|x64.ActiveCfg = Release|x64
		{2387A374-F083-48A4-AE1D-D556D64CBD4A}.Release|x64.Build.0 = Release|x64
		{2387A374-F083-48A4-AE1D-D556D64CBD4A}.Release|x86.ActiveCfg = Release|Win32
		{2387A374-F083-48A4-AE1D-D556D64CBD4A}.Release|x86.Build.0 = Release|Win32
		{BFB1897C-92F2-4CA4-AA2A-8B76399F8E56}.Debug|x64.ActiveCfg = Debug|x64
		{BFB1897C-92F2-4CA4-AA2A-8B76399F8E56}.Debug|x64.Build.0 = Debug|x64
		{BFB1897C-92F2-4CA4-AA2A-8B76399F8E56}.Debug|x86.ActiveCfg = Debug|Win32
		{BFB1897C-92F2-4CA4-AA2A-8B76399F8E56}.Debug|x86.Build.0 = Debug|Win32
		{BFB1897C-92F2-4CA4-AA2A-8B76399F8E56}.Release|x64.ActiveCfg = Release|x64
		{BFB1897C-92F2-4CA4-AA2A-8B76399F8E56}.Release|x64.Build.0 = Release|x64
		{BFB1897C-92F2-4CA4-AA2A-8B76399F8E56}.Release|x86.ActiveCfg = Release|Win32
		{BFB1897C-92F2-4CA4-AA2A-8B76399F8E56}.Release|x86.Build.0 = Release|Win32
		{ADBF77ED-5D36-4C73-BEBA-82372BA92DBC}.Debug|x64.ActiveCfg = Debug|x64
		{ADBF77ED-5D36-4C73-BEBA-82372BA92DBC}.Debug|x64.Build.0 = Debug|x64
		{ADBF77ED-5D36-4C73-BEBA-82372BA92DBC}.Debug|x86.ActiveCfg = Debug|Win32
		{ADBF77ED-5D36-4C73-BEBA-82372BA92DBC}.Debug|x86.Build.0 = Debug|Win32
		{ADBF77ED-5D36-4C73-BEBA-82372BA92DBC}.Release|x64.ActiveCfg = Release|x64
		{ADBF77ED-5D36-4C73-BEBA-82372BA92DBC}.Release|x64.Build.0 = Release|x64
		{ADBF77ED-5D36-4C73-BEBA-82372BA92DBC}.Release|x86.ActiveCfg = Release|Win32
		{ADBF77ED-5D36-4C73-BEBA-82372BA92DBC}.Release|x86.Build.0 = Release|Win32
		{5143A10B-7624-4502-9800-67FCD798C239}.Debug|x64.ActiveCfg = Debug|x64
		{5143A10B-7624-4502-9800-67FCD798C239}.Debug|x64.Build.0 = Debug|x64
		{5143A10B-7624-4502-9800-67FCD798C239}.Debug|x86.ActiveCfg = Debug|Win32
		{5143A10B-7624-4502-9800-67FCD798C239}.Debug|x86.Build.0 = Debug|Win32
		{5143A10B-7624-4502-9800-67FCD798C239}.Release|x64.ActiveCfg = Release|x64
		{5143A10B-7624-4502-9800-67FCD798C239}.Release|x64.Build.0 = Release|x64
		{5143A10B-7624-4502-9800-67FCD798C239}.Release|x86.ActiveCfg = Release|Win32
		{5143A10B-7624-4502-9800-67FCD798C239}.Release|x86.Build.0 = Release|Win32
		{37D53585-B4EC-4C37-84ED-16882E644B1A}.Debug|x64.ActiveCfg = Debug|x64
		{37D53585-B4EC-4C37-84ED-16882E644B1A}.Debug|x64.Build.0 = Debug|x64
		{37D53585-B4EC-4C37-84ED-16882E644B1A}.Debug|x86.ActiveCfg = Debug|Win32
		{37D53585-B4EC-4C37-84ED-16882E644B1A}.Debug|x86.Build.0 = Debug|Win32
		{37D53585-B4EC-4C37-84ED-16882E644B1A}.Release|x64.ActiveCfg = Release|x64
		{37D53585-B4EC-4C37-84ED-16882E644B1A}.Release|x64.Build.0 = Release|x64
		{37D53585-B4EC-4C37-84ED-16882E644B1A}.Release|x86.ActiveCfg = Release|Win32
		{37D53585-B4EC-4C37-84ED-16882E644B1A}.Release|x86.Build.0 = Release|Win32
		{A9324A1C-1960-42D6-97FA-BAC50EFE504C}.Debug|x64.ActiveCfg = Debug|x64
		{A9324A1C-1960-42D6-97FA-BAC50EFE504C}.Debug|x64.Build.0 = Debug|x64
		{A9324A1C-1960-42D6-97FA-BAC50EFE504C}.Debug|x86.ActiveCfg = Debug|Win32
		{A9324A1C-1960-42D6-97FA-BAC50EFE504C}.Debug|x86.Build.0 = Debug|Win32
		{A9324A1C-1960-42D6-97FA-BAC50EFE504C}.Release|x64.ActiveCfg = Release|x64
		{A9324A1C-1960-42D6-97FA-BAC50EFE504C}.Release|x64.Build.0 = Release|x64
		{A9324A1C-1960-42D6-97FA-BAC50EFE504C}.Release|x86.ActiveCfg = Release|Win32
		{A9324A1C-1960-42D6-97FA-BAC50EFE504C}.Release|x86.Build.0 = Release|Win32
		{D8C7122A-6E24-4E98-B390-1CECDBFBDE60}.Debug|x64.ActiveCfg = Debug|x64
		{D8C7122A-6E24-4E98-B390-1CECDBFBDE60}.Debug|x64.Build.0 = Debug|x64
		{D8C7122A-6E24-4E98-B390-1CECDBFBDE60}.Debug|x86.ActiveCfg = Debug|Win32
		{D8C7122A-6E24-4E98-B390-1CECDBFBDE60}.Debug|x86.Build.0 = Debug|Win32
		{D8C7122A-6E24-4E98-B390-1CECDBFBDE60}.Release|x64.ActiveCfg = Release|x64
		{D8C7122A-6E24-4E98-B390-1CECDBFBDE60}.Release|x64.Build.0 = Release|x64
		{D8C7122A-6E24-4E98-B390-1CECDBFBDE60}.Release|x86.ActiveCfg = Release|Win32
		{D8C7122A-6E24-4E98-B390-1CECDBFBDE60}.Release|x86.Build.0 = Release|Win32
		{FA7CBE90-B680-45B9-AE5E-12578719E94F}.Debug|x64.ActiveCfg = Debug|x64
		{FA7CBE90-B680-45B9-AE5E-12578719E94F}.Debug|x64.Build.0 = Debug|x64
		{FA7CBE90-B680-45B9-AE5E-12578719E94F}.Debug|x86.ActiveCfg = Debug|Win32
		{FA7CBE90-B680-45B9-AE5E-12578719E94F}.Debug|x86.Build.0 = Debug|Win32
		{FA7CBE90-B680-45B9-AE5E-12578719E94F}.Release|x64.ActiveCfg = Release|x64
		{FA7CBE90-B680-45B9-AE5E-12578719E94F}.Release|x64.Build.0 = Release|x64
		{FA7CBE90-B680-45B9-AE5E-12578719E94F}.Release|x86.ActiveCfg = Release|Win32
		{FA7CBE90-B680-45B9-AE5E-12578719E94F}.Release|x86.Build.0 = Release|Win32
		{B46FAD5A-8DED-4643-8498-653530C1B9F5}.Debug|x64.ActiveCfg = Debug|x64
		{B46FAD5A-8DED-4643-8498-653530C1B9F5}.Debug|x64.Build.0 = Debug|x64
		{B46FAD5A-8DED-4643-8498-653530C1B9F5}.Debug|x86.ActiveCfg = Debug|Win32
		{B46FAD5A-8DED-4643-8498-653530C1B9F5}.Debug|x86.Build.0 = Debug|Win32
		{B46FAD5A-8DED-4643-8498-653530C1B9F5}.Release|x64.ActiveCfg = Release|x64
		{B46FAD5A-8DED-4643-8498-653530C1B9F5}.Release|x64.Build.0 = Release|x64
		{B46FAD5A-8DED-4643-8498-653530C1B9F5}.Release|x86.ActiveCfg = Release|Win32
		{B46FAD5A-8DED-4643-8498-653530C1B9F5}.Release|x86.Build.0 = Release|Win32
		{B111086F-39F9-4D59-9A3E-DB3A308F33D0}.Debug|x64.ActiveCfg = Debug|x64
		{B111086F-39F9-4D59-9A3E-DB3A308F33D0}.Debug|x64.Build.0 = Debug|x64
		{B111086F-39F9-4D59-9A3E-DB3A308F33D0}.Debug|x86.ActiveCfg = Debug|Win32
		{B111086F-39F9-4D59-9A3E-DB3A308F33D0}.Debug|x86.Build.0 = Debug|Win32
		{B111086F-39F9-4D59-9A3E-DB3A308F33D0}.Release|x64.ActiveCfg = Release|x64
		{B111086F-39F9-4D59-9A3E-DB3A308F33D0}.Release|x64.Build.0 = Release|x64
		{B111086F-39F9-4D59-9A3E-DB3A308F33D0}.Release|x86.ActiveCfg = Release|Win32
		{B111086F-39F9-4D59-9A3E-DB3A308F33D0}.Release|x86.Build.0 = Release|Win32
		{D7FF60A3-FE36-4DF3-B5FD-CF33066E7D51}.Debug|x64.ActiveCfg = Debug|x64
		{D7FF60A3-FE36-4DF3-B5FD-CF33066E7D51}.Debug|x64.Build.0 = Debug|x64
		{D7FF60A3-FE36-4DF3-B5FD-CF33066E7D51}.Debug|x86.ActiveCfg = Debug|Win32
		{D7FF60A3-FE36-4DF3-B5FD-CF33066E7D51}.Debug|x86.Build.0 = Debug|Win32
		{D7FF60A3-FE36-4DF3-B5FD-CF33066E7D51}.Release|x64.ActiveCfg = Release|x64
		{D7FF60A3-FE36-4DF3-B5FD-CF33066E7D51}.Release|x64.Build.0 = Release|x64
		{D7FF60A3-FE36-4DF3-B5FD-CF33066E7D51}.Release|x86.ActiveCfg = Release|Win32
		{D7FF60A3-FE36-4DF3-B5FD-CF33066E7D51}.Release|x86.Build.0 = Release|Win32
		{F568EB32-6A43-4A46-BA8C-CD145E21F419}.Debug|x64.ActiveCfg = Debug|x64
		{F568EB32-6A43-4A46-BA8C-CD145E21F419}.Debug|x64.Build.0 = Debug|x64
		{F568EB32-6A43-4A46-BA8C-CD145E21F419}.Debug|x86.ActiveCfg = Debug|Win32
		{F568EB32-6A43-4A46-BA8C-CD145E21F419}.Debug|x86.Build.0 = Debug|Win32
		{F568EB32-6A43-4A46-BA8C-CD145E21F419}.Release|x64.ActiveCfg = Release|x64
		{F568EB32-6A43-4A46-BA8C-CD145E21F419}.Release|x64.Build.0 = Release|x64
		{F568EB32-6A43-4A46-BA8C-CD145E21F419}.Release|x86.ActiveCfg = Release|Win32
		{F568EB32-6A43-4A46-BA8C-CD145E21F419}.Release|x86.Build.0 = Release|Win32
		{230B935F-BFC1-4CFA-B653-418C6F557B07}.Debug|x64.ActiveCfg = Debug|x64
		{230B935F-BFC1-4CFA-B653-418C6F557B07}.Debug|x64.Build.0 = Debug|x64
		{230B935F-BFC1-4CFA-B653-418C6F557B07}.Debug|x86.ActiveCfg = Debug|Win32
		{230B935F-BFC1-4CFA-B653-418C6F557B07}.Debug|x86.Build.0 = Debug|Win32
		{230B935F-BFC1-4CFA-B653-418C6F557B07}.Release|x64.ActiveCfg = Release|x64
		{230B935F-BFC1-4CFA-B653-418C6F557B07}.Release|x64.Build.0 = Release|x64
		{230B935F-BFC1-4CFA-B653-418C6F557B07}.Release|x86.ActiveCfg = Release|Win32
		{230B935F-BFC1-4CFA-B653-418C6F557B07}.Release|x86.Build.0 = Release|Win32
		{1E645C30-02AD-4B4F-B407-26479B73EE2A}.Debug|x64.ActiveCfg = Debug|x64
		{1E645C30-02AD-4B4F-B407-26479B73EE2A}.Debug|x64.Build.0 = Debug|x64
		{1E645C30-02AD-4B4F-B407-26479B73EE2A}.Debug|x86.ActiveCfg = Debug|Win32
		{1E645C30-02AD-4B4F-B407-26479B73EE2A}.Debug|x86.Build.0 = Debug|Win32
		{1E645C30-02AD-4B4F-B407-26479B73EE2A}.Release|x64.ActiveCfg = Release|x64
		{1E645C30-02AD-4B4F-B407-26479B73EE2A}.Release|x64.Build.0 = Release|x64
		{1E645C30-02AD-4B4F-B407-26479B73EE2A}.Release|x86.ActiveCfg = Release|Win32
		{1E645C30-02AD-4B4F-B407-26479B73EE2A}.Release|x86.Build.0 = Release|Win32
		{1EE9FDBF-D2AB-4468-9313-45B826E0E8FD}.Debug|x64.ActiveCfg = Debug|x64
		{1EE9FDBF-D2AB-4468-9313-45B826E0E8FD}.Debug|x64.Build.0 = Debug|x64
		{1EE9FDBF-D2AB-4468-9313-45B826E0E8FD}.Debug|x86.ActiveCfg = Debug|Win32
		{1EE9FDBF-D2AB-4468-9313-45B826E0E8FD}.Debug|x86.Build.0 = Debug|Win32
		{1EE9FDBF-D2AB-4468-9313-45B826E0E8FD}.Release|x64.ActiveCfg = Release|x64
		{1EE9FDBF-D2AB-4468-9313-45B826E0E8FD}.Release|x64.Build.0 = Release|x64
		{1EE9FDBF-D2AB-4468-9313-45B826E0E8FD}.Release|x86.ActiveCfg = Release|Win32
		{1EE9FDBF-D2AB-4468-9313-45B826E0E8FD}.Release|x86.Build.0 = Release|Win32
		{55E7FA62-56E0-4057-A06A-006D910747C4}.Debug|x64.ActiveCfg = Debug|x64
		{55E7FA62-56E0-4057-A06A-006D910747C4}.Debug|x64.Build.0 = Debug|x64
		{55E7FA62-56E0-4057-A06A-006D910747C4}.Debug|x86.ActiveCfg = Debug|Win32
		{55E7FA62-56E0-4057-A06A-006D910747C4}.Debug|x86.Build.0 = Debug|Win32
		{55E7FA62-56E0-4057-A06A-006D910747C4}.Release|x64.ActiveCfg = Release|x64
		{55E7FA62-56E0-4057-A06A-006D910747C4}.Release|x64.Build.0 = Release|x64
		{55E7FA62-56E0-4057-A06A-006D910747C4}.Release|x86.ActiveCfg = Release|Win32
		{55E7FA62-56E0-4057-A06A-006D910747C4}.Release|x86.Build.0 = Release|Win32
		{87DA6273-C859-49FE-9031-43B9B9B03BC1}.Debug|x64.ActiveCfg = Debug|x64
		{87DA6273-C859-49FE-9031-43B9B9B03BC1}.Debug|x64.Build.0 = Debug|x64
		{87DA6273-C859-49FE-9031-43B9B9B03BC1}.Debug|x86.ActiveCfg = Debug|Win32
		{87DA6273-C859-49FE-9031-43B9B9B03BC1}.Debug|x86.Build.0 = Debug|Win32
		{87DA6273-C859-49FE-9031-43B9B9B03BC1}.Release|x64.ActiveCfg = Release|x64
		{87DA6273-C859-49FE-9031-43B9B9B03BC1}.Release|x64.Build.0 = Release|x64
		{87DA6273-C859-49FE-9031-43B9B9B03BC1}.Release|x86.ActiveCfg = Release|Win32
		{87DA6273-C859-49FE-9031-43B9B9B03BC1}.Release|x86.Build.0 = Release|Win32
		{6D5D2B24-AFCA-473C-B1A5-4457B9A7A450}.Debug|x64.ActiveCfg = Debug|x64
		{6D5D2B24-AFCA-473C-B1A5-4457B9A7A450}.Debug|x64.Build.0 = Debug|x64
		{6D5D2B24-AFCA-473C-B1A5-4457B9A7A450}.Debug|x86.ActiveCfg = Debug|Win32
		{6D5D2B24-AFCA-473C-B1A5-4457B9A7A450}.Debug|x86.Build.0 = Debug|Win32
		{6D5D2B24-AFCA-473C-B1A5-4457B9A7A450}.Release|x64.ActiveCfg = Release|x64
		{6D5D2B24-AFCA-473C-B1A5-4457B9A7A450}.Release|x64.Build.0 = Release|x64
		{6D5D2B24-AFCA-473C-B1A5-4457B9A7A450}.Release|x86.ActiveCfg = Release|Win32
		{6D5D2B24-AFCA-473C-B1A5-4457B9A7A450}.Release|x86.Build.0 = Release|Win32
		{3CAE22C6-22DB-4E88-A278-A6D83D4494D4}.Debug|x64.ActiveCfg = Debug|x64
		{3CAE22C6-22DB-4E88-A278-A6D83D4494D4}.Debug|x64.Build.0 = Debug|x64
		{3CAE22C6-22DB-4E88-A278-A6D83D4494D4}.Debug|x86.ActiveCfg = Debug|Win32
		{3CAE22C6-22DB-4E88-A278-A6D83D4494D4}.Debug|x86.Build.0 = Debug|Win32
		{3CAE22C6-22DB-4E88-A278-A6D83D4494D4}.Release|x64.ActiveCfg = Release|x64
		{3CAE22C6-22DB-4E88-A278-A6D83D4494D4}.Release|x64.Build.0 = Release|x64
		{3CAE22C6-22DB-4E88-A278-A6D83D4494D4}.Release|x86.ActiveCfg = Release|Win32
		{3CAE22C6-22DB-4E88-A278-A6D83D4494D4}.Release|x86.Build.0 = Release|Win32
		{65751B5A-13A1-4CA0-87FF-B8AD5B276054}.Debug|x64.ActiveCfg = Debug|x64
		{65751B5A-13A1-4CA0-87FF-B8AD5B276054}.Debug|x64.Build.0 = Debug|x64
		{65751B5A-13A1-4CA0-87FF-B8AD5B276054}.Debug|x86.ActiveCfg = Debug|Win32
		{65751B5A-13A1-4CA0-87FF-B8AD5B276054}.Debug|x86.Build.0 = Debug|Win32
		{65751B5A-13A1-4CA0-87FF-B8AD5B276054}.Release|x64.ActiveCfg = Release|x64
		{65751B5A-13A1-4CA0-87FF-B8AD5B276054}.Release|x64.Build.0 = Release|x64
		{65751B5A-13A1-4CA0-87FF-B8AD5B276054}.Release|x86.ActiveCfg = Release|Win32
		{65751B5A-13A1-4CA0-87FF-B8AD5B276054}.Release|x86.Build.0 = Release|Win32
		{E2AD78F0-304A-4371-980E-A44BEDE73309}.Debug|x64.ActiveCfg = Debug|x64
		{E2AD78F0-304A-4371-980E-A44BEDE73309}.Debug|x64.Build.0 = Debug|x64
		{E2AD78F0-304A-4371-980E-A44BEDE73309}.Debug|x86.ActiveCfg = Debug|Win32
		{E2AD78F0-304A-4371-980E-A44BEDE73309}.Debug|x86.Build.0 = Debug|Win32
		{E2AD78F0-304A-4371-980E-A44BEDE73309}.Release|x64.ActiveCfg = Release|x64
		{E2AD78F0-304A-4371-980E-A44BEDE73309}.Release|x64.Build.0 = Release|x64
		{E2AD78F0-304A-4371-980E-A44BEDE73309}.Release|x86.ActiveCfg = Release|Win32
		{E2AD78F0-304A-4371-980E-A44BEDE73309}.Release|x86.Build.0 = Release|Win32
	EndGlobalSection
	GlobalSection(SolutionProperties) = preSolution
		HideSolutionNode = FALSE
	EndGlobalSection
	GlobalSection(NestedProjects) = preSolution
		{B8FB9381-1B21-4DD6-8511-F590D2F64E26} = {F0B71AB4-629C-4678-B9BC-46DDA68CB54F}
		{3A67F380-1065-40F1-AFEC-3FE80F90B574} = {F0B71AB4-629C-4678-B9BC-46DDA68CB54F}
		{86918E76-1DB9-49AA-B70A-A7F09245B54E} = {29966FEF-7A4A-4CF4-929D-D4B09AC7B2B5}
		{A2B4FA6C-C3F0-4D47-993D-9FC47EA17DC5} = {29966FEF-7A4A-4CF4-929D-D4B09AC7B2B5}
		{0DABF87A-3140-4225-80FE-60383036BCC6} = {29966FEF-7A4A-4CF4-929D-D4B09AC7B2B5}
		{0B81B10C-75E5-4059-95A5-A37483FAAD32} = {29966FEF-7A4A-4CF4-929D-D4B09AC7B2B5}
		{17CFF346-A2DE-4C02-AACD-E3F8BFBEED9D} = {29966FEF-7A4A-4CF4-929D-D4B09AC7B2B5}
		{C51145F9-233E-47AB-85D1-99D07DED6BED} = {29966FEF-7A4A-4CF4-929D-D4B09AC7B2B5}
		{E570B58D-89E2-4C24-A310-CCE69EDC8643} = {F0B71AB4-629C-4678-B9BC-46DDA68CB54F}
		{CDBA51AB-B810-49D6-8553-64440635E5E6} = {29966FEF-7A4A-4CF4-929D-D4B09AC7B2B5}
		{D2223075-28D3-4F1A-8B51-91700B2455DB} = {29966FEF-7A4A-4CF4-929D-D4B09AC7B2B5}
		{3B6A899A-55EA-4416-9817-65EA053AF9B3} = {29966FEF-7A4A-4CF4-929D-D4B09AC7B2B5}
		{8EFD46F6-7BBF-42ED-901F-3ACB6E145C61} = {29966FEF-7A4A-4CF4-929D-D4B09AC7B2B5}
		{C8E6AF2B-346F-434A-9172-B3B789EC6CF0} = {29966FEF-7A4A-4CF4-929D-D4B09AC7B2B5}
		{6F58EC21-970C-42EB-99A6-6B08AA638D6D} = {29966FEF-7A4A-4CF4-929D-D4B09AC7B2B5}
		{381E7EBC-9B72-43A8-ACB5-35F0ADAE4816} = {29966FEF-7A4A-4CF4-929D-D4B09AC7B2B5}
		{1710E418-E4BA-41AD-B27D-0B823327CD86} = {29966FEF-7A4A-4CF4-929D-D4B09AC7B2B5}
		{901A648C-5315-4C11-A207-B48381B72202} = {29966FEF-7A4A-4CF4-929D-D4B09AC7B2B5}
		{3C851EFA-7950-4AD7-A016-925BF1DC2A5B} = {29966FEF-7A4A-4CF4-929D-D4B09AC7B2B5}
		{40870A51-C5B7-43F8-BBAA-44486C628DAA} = {F0B71AB4-629C-4678-B9BC-46DDA68CB54F}
		{A4335774-9E74-414E-A1F1-182F3FC6E248} = {29966FEF-7A4A-4CF4-929D-D4B09AC7B2B5}
		{04B9D2F1-658D-424E-81EE-B4AFA7ECB045} = {29966FEF-7A4A-4CF4-929D-D4B09AC7B2B5}
		{E0A0DC45-611F-4B1C-BE2A-6C4F2899C680} = {F0B71AB4-629C-4678-B9BC-46DDA68CB54F}
		{CA94957E-74BF-46FD-BEDB-E6CE8A408269} = {7FAA4992-768D-4917-B8DA-5B350B417E9C}
		{A02054DD-0C95-491C-B3D1-AA1932FDE618} = {29966FEF-7A4A-4CF4-929D-D4B09AC7B2B5}
		{8DD332EC-140C-4E7C-9CAF-6BE1E85EB7D9} = {29966FEF-7A4A-4CF4-929D-D4B09AC7B2B5}
		{51A5F55D-84AE-4D38-A84C-EAA732B819BC} = {29966FEF-7A4A-4CF4-929D-D4B09AC7B2B5}
		{4CF86004-F4CE-4BBB-B2E5-136D26F6A43C} = {29966FEF-7A4A-4CF4-929D-D4B09AC7B2B5}
		{39436681-A45A-4EEE-B9DE-1DE489A42963} = {F0B71AB4-629C-4678-B9BC-46DDA68CB54F}
		{946313DC-6D68-4047-9D72-E2F62DBE1340} = {F0B71AB4-629C-4678-B9BC-46DDA68CB54F}
		{40FDAAA0-C500-4C45-853D-40772BDB6651} = {7FAA4992-768D-4917-B8DA-5B350B417E9C}
		{129F2F3F-62A9-4B40-82F5-E36074313AA0} = {29966FEF-7A4A-4CF4-929D-D4B09AC7B2B5}
		{2387A374-F083-48A4-AE1D-D556D64CBD4A} = {29966FEF-7A4A-4CF4-929D-D4B09AC7B2B5}
		{BFB1897C-92F2-4CA4-AA2A-8B76399F8E56} = {F0B71AB4-629C-4678-B9BC-46DDA68CB54F}
		{ADBF77ED-5D36-4C73-BEBA-82372BA92DBC} = {29966FEF-7A4A-4CF4-929D-D4B09AC7B2B5}
		{5143A10B-7624-4502-9800-67FCD798C239} = {29966FEF-7A4A-4CF4-929D-D4B09AC7B2B5}
		{37D53585-B4EC-4C37-84ED-16882E644B1A} = {29966FEF-7A4A-4CF4-929D-D4B09AC7B2B5}
		{A9324A1C-1960-42D6-97FA-BAC50EFE504C} = {29966FEF-7A4A-4CF4-929D-D4B09AC7B2B5}
		{D8C7122A-6E24-4E98-B390-1CECDBFBDE60} = {29966FEF-7A4A-4CF4-929D-D4B09AC7B2B5}
		{FA7CBE90-B680-45B9-AE5E-12578719E94F} = {F0B71AB4-629C-4678-B9BC-46DDA68CB54F}
		{B46FAD5A-8DED-4643-8498-653530C1B9F5} = {29966FEF-7A4A-4CF4-929D-D4B09AC7B2B5}
		{B111086F-39F9-4D59-9A3E-DB3A308F33D0} = {F0B71AB4-629C-4678-B9BC-46DDA68CB54F}
		{D7FF60A3-FE36-4DF3-B5FD-CF33066E7D51} = {29966FEF-7A4A-4CF4-929D-D4B09AC7B2B5}
		{F568EB32-6A43-4A46-BA8C-CD145E21F419} = {29966FEF-7A4A-4CF4-929D-D4B09AC7B2B5}
		{230B935F-BFC1-4CFA-B653-418C6F557B07} = {F0B71AB4-629C-4678-B9BC-46DDA68CB54F}
		{1E645C30-02AD-4B4F-B407-26479B73EE2A} = {29966FEF-7A4A-4CF4-929D-D4B09AC7B2B5}
		{1EE9FDBF-D2AB-4468-9313-45B826E0E8FD} = {29966FEF-7A4A-4CF4-929D-D4B09AC7B2B5}
		{55E7FA62-56E0-4057-A06A-006D910747C4} = {F0B71AB4-629C-4678-B9BC-46DDA68CB54F}
		{87DA6273-C859-49FE-9031-43B9B9B03BC1} = {7FAA4992-768D-4917-B8DA-5B350B417E9C}
		{6D5D2B24-AFCA-473C-B1A5-4457B9A7A450} = {29966FEF-7A4A-4CF4-929D-D4B09AC7B2B5}
		{3CAE22C6-22DB-4E88-A278-A6D83D4494D4} = {29966FEF-7A4A-4CF4-929D-D4B09AC7B2B5}
		{65751B5A-13A1-4CA0-87FF-B8AD5B276054} = {29966FEF-7A4A-4CF4-929D-D4B09AC7B2B5}
		{E2AD78F0-304A-4371-980E-A44BEDE73309} = {29966FEF-7A4A-4CF4-929D-D4B09AC7B2B5}
	EndGlobalSection
	GlobalSection(ExtensibilityGlobals) = postSolution
		SolutionGuid = {BA3ED535-D7D7-460A-8A26-E534EE793209}
	EndGlobalSection
EndGlobal
