
Microsoft Visual Studio Solution File, Format Version 12.00
# Visual Studio Version 16
VisualStudioVersion = 16.0.29728.190
MinimumVisualStudioVersion = 10.0.40219.1
Project("{8BC9CEB8-8B4A-11D0-8D11-00A0C91BC942}") = "8.regular_expression_matching", "8.regular_expression_matching\8.regular_expression_matching.vcxproj", "{B8FB9381-1B21-4DD6-8511-F590D2F64E26}"
EndProject
Project("{8BC9CEB8-8B4A-11D0-8D11-00A0C91BC942}") = "15.3sum", "15.3sum\15.3sum.vcxproj", "{3A67F380-1065-40F1-AFEC-3FE80F90B574}"
EndProject
Project("{8BC9CEB8-8B4A-11D0-8D11-00A0C91BC942}") = "58.length_of_last_word", "58.length_of_last_word\58.length_of_last_word.vcxproj", "{86918E76-1DB9-49AA-B70A-A7F09245B54E}"
EndProject
Project("{8BC9CEB8-8B4A-11D0-8D11-00A0C91BC942}") = "66.plus_one", "66.plus_one\66.plus_one.vcxproj", "{A2B4FA6C-C3F0-4D47-993D-9FC47EA17DC5}"
EndProject
Project("{8BC9CEB8-8B4A-11D0-8D11-00A0C91BC942}") = "67.add_binary", "67.add_binary\67.add_binary.vcxproj", "{0DABF87A-3140-4225-80FE-60383036BCC6}"
EndProject
Project("{8BC9CEB8-8B4A-11D0-8D11-00A0C91BC942}") = "101.is_symatric", "101.is_symatric\101.is_symatric.vcxproj", "{0B81B10C-75E5-4059-95A5-A37483FAAD32}"
EndProject
Project("{8BC9CEB8-8B4A-11D0-8D11-00A0C91BC942}") = "104.get_depth", "104.get_depth\104.get_depth.vcxproj", "{17CFF346-A2DE-4C02-AACD-E3F8BFBEED9D}"
EndProject
Project("{8BC9CEB8-8B4A-11D0-8D11-00A0C91BC942}") = "107.level_order_bottom", "107.level_order_bottom\107.level_order_bottom.vcxproj", "{C51145F9-233E-47AB-85D1-99D07DED6BED}"
EndProject
Project("{8BC9CEB8-8B4A-11D0-8D11-00A0C91BC942}") = "102.level_order", "102.level_order\102.level_order.vcxproj", "{E570B58D-89E2-4C24-A310-CCE69EDC8643}"
EndProject
Project("{8BC9CEB8-8B4A-11D0-8D11-00A0C91BC942}") = "637.average_of_levels", "637.average_of_levels\637.average_of_levels.vcxproj", "{CDBA51AB-B810-49D6-8553-64440635E5E6}"
EndProject
Project("{8BC9CEB8-8B4A-11D0-8D11-00A0C91BC942}") = "108.sorted_array_to_bst", "108.sorted_array_to_bst\108.sorted_array_to_bst.vcxproj", "{D2223075-28D3-4F1A-8B51-91700B2455DB}"
EndProject
Project("{8BC9CEB8-8B4A-11D0-8D11-00A0C91BC942}") = "110.is_balanced", "110.is_balanced\110.is_balanced.vcxproj", "{3B6A899A-55EA-4416-9817-65EA053AF9B3}"
EndProject
Project("{2150E333-8FDC-42A3-9474-1A3956D46DE8}") = "common", "common", "{EC6A06E4-7B23-425F-B22A-B2A7AB8840C8}"
	ProjectSection(SolutionItems) = preProject
		common\graph.h = common\graph.h
		common\leetcode.h = common\leetcode.h
		common\ListNode.h = common\ListNode.h
		common\TreeNode.h = common\TreeNode.h
	EndProjectSection
EndProject
Project("{8BC9CEB8-8B4A-11D0-8D11-00A0C91BC942}") = "160.intersection_of_two_linked_lists", "160.intersection_of_two_linked_lists\160.intersection_of_two_linked_lists.vcxproj", "{8EFD46F6-7BBF-42ED-901F-3ACB6E145C61}"
EndProject
Project("{8BC9CEB8-8B4A-11D0-8D11-00A0C91BC942}") = "168.excel_sheet_collumn_title", "168.excel_sheet_collumn_title\168.excel_sheet_collumn_title.vcxproj", "{C8E6AF2B-346F-434A-9172-B3B789EC6CF0}"
EndProject
Project("{8BC9CEB8-8B4A-11D0-8D11-00A0C91BC942}") = "204.count_primes", "204.count_primes\204.count_primes.vcxproj", "{6F58EC21-970C-42EB-99A6-6B08AA638D6D}"
EndProject
Project("{8BC9CEB8-8B4A-11D0-8D11-00A0C91BC942}") = "290.word_pattern", "290.word_pattern\290.word_pattern.vcxproj", "{381E7EBC-9B72-43A8-ACB5-35F0ADAE4816}"
EndProject
Project("{8BC9CEB8-8B4A-11D0-8D11-00A0C91BC942}") = "492.construct_the_rectangle", "492.construct_the_rectangle\492.construct_the_rectangle.vcxproj", "{1710E418-E4BA-41AD-B27D-0B823327CD86}"
EndProject
Project("{8BC9CEB8-8B4A-11D0-8D11-00A0C91BC942}") = "500.keyboard_rows", "500.keyboard_rows\500.keyboard_rows.vcxproj", "{901A648C-5315-4C11-A207-B48381B72202}"
EndProject
Project("{8BC9CEB8-8B4A-11D0-8D11-00A0C91BC942}") = "507.perfect_number", "507.perfect_number\507.perfect_number.vcxproj", "{3C851EFA-7950-4AD7-A016-925BF1DC2A5B}"
EndProject
Project("{8BC9CEB8-8B4A-11D0-8D11-00A0C91BC942}") = "538.convert_bst_to_greater_tree", "538.convert_bst_to_greater_tree\538.convert_bst_to_greater_tree.vcxproj", "{40870A51-C5B7-43F8-BBAA-44486C628DAA}"
EndProject
Project("{8BC9CEB8-8B4A-11D0-8D11-00A0C91BC942}") = "541.reverse_string_2", "541.reverse_string_2\541.reverse_string_2.vcxproj", "{A4335774-9E74-414E-A1F1-182F3FC6E248}"
EndProject
Project("{8BC9CEB8-8B4A-11D0-8D11-00A0C91BC942}") = "543.diameter_of_binary_tree", "543.diameter_of_binary_tree\543.diameter_of_binary_tree.vcxproj", "{04B9D2F1-658D-424E-81EE-B4AFA7ECB045}"
EndProject
Project("{8BC9CEB8-8B4A-11D0-8D11-00A0C91BC942}") = "make_graph", "make_graph\make_graph.vcxproj", "{2F253012-CB42-4DDD-B15A-1FF2AFC2446E}"
EndProject
Project("{8BC9CEB8-8B4A-11D0-8D11-00A0C91BC942}") = "503.next_greater_element_ii", "503.next_greater_element_ii\503.next_greater_element_ii.vcxproj", "{E0A0DC45-611F-4B1C-BE2A-6C4F2899C680}"
EndProject
Project("{8BC9CEB8-8B4A-11D0-8D11-00A0C91BC942}") = "239.sliding_window_maximum", "239.sliding_window_maximum\239.sliding_window_maximum.vcxproj", "{CA94957E-74BF-46FD-BEDB-E6CE8A408269}"
EndProject
Project("{8BC9CEB8-8B4A-11D0-8D11-00A0C91BC942}") = "155.min_stack", "155.min_stack\155.min_stack.vcxproj", "{A02054DD-0C95-491C-B3D1-AA1932FDE618}"
EndProject
Project("{8BC9CEB8-8B4A-11D0-8D11-00A0C91BC942}") = "874.warking_robot_simulation", "874.warking_robot_simulation\874.warking_robot_simulation.vcxproj", "{8DD332EC-140C-4E7C-9CAF-6BE1E85EB7D9}"
EndProject
Project("{8BC9CEB8-8B4A-11D0-8D11-00A0C91BC942}") = "121.best_time_to_buy_and_sell_stock", "121.best_time_to_buy_and_sell_stock\121.best_time_to_buy_and_sell_stock.vcxproj", "{51A5F55D-84AE-4D38-A84C-EAA732B819BC}"
EndProject
Project("{8BC9CEB8-8B4A-11D0-8D11-00A0C91BC942}") = "1.two-sum", "1.two-sum\1.two-sum.vcxproj", "{4CF86004-F4CE-4BBB-B2E5-136D26F6A43C}"
EndProject
Project("{8BC9CEB8-8B4A-11D0-8D11-00A0C91BC942}") = "2.add-two-numbers", "2.add-two-numbers\2.add-two-numbers.vcxproj", "{39436681-A45A-4EEE-B9DE-1DE489A42963}"
EndProject
Project("{8BC9CEB8-8B4A-11D0-8D11-00A0C91BC942}") = "3.longest-substring-without-repeating-characters", "3.longest-substring-without-repeating-characters\3.longest-substring-without-repeating-characters.vcxproj", "{946313DC-6D68-4047-9D72-E2F62DBE1340}"
EndProject
Project("{8BC9CEB8-8B4A-11D0-8D11-00A0C91BC942}") = "4.median-of-two-sorted-arrays", "4.median-of-two-sorted-arrays\4.median-of-two-sorted-arrays.vcxproj", "{40FDAAA0-C500-4C45-853D-40772BDB6651}"
EndProject
Project("{8BC9CEB8-8B4A-11D0-8D11-00A0C91BC942}") = "202.happy_number", "202.happy_number\202.happy_number.vcxproj", "{129F2F3F-62A9-4B40-82F5-E36074313AA0}"
EndProject
Project("{8BC9CEB8-8B4A-11D0-8D11-00A0C91BC942}") = "235.lowest_common_ancestor_of_a_bst", "235.lowest_common_ancestor_of_a_bst\235.lowest_common_ancestor_of_a_bst.vcxproj", "{2387A374-F083-48A4-AE1D-D556D64CBD4A}"
EndProject
Project("{8BC9CEB8-8B4A-11D0-8D11-00A0C91BC942}") = "264.ugly_number_ii", "264.ugly_number_ii\264.ugly_number_ii.vcxproj", "{BFB1897C-92F2-4CA4-AA2A-8B76399F8E56}"
EndProject
Global
	GlobalSection(SolutionConfigurationPlatforms) = preSolution
		Debug|x64 = Debug|x64
		Debug|x86 = Debug|x86
		Release|x64 = Release|x64
		Release|x86 = Release|x86
	EndGlobalSection
	GlobalSection(ProjectConfigurationPlatforms) = postSolution
		{B8FB9381-1B21-4DD6-8511-F590D2F64E26}.Debug|x64.ActiveCfg = Debug|x64
		{B8FB9381-1B21-4DD6-8511-F590D2F64E26}.Debug|x64.Build.0 = Debug|x64
		{B8FB9381-1B21-4DD6-8511-F590D2F64E26}.Debug|x86.ActiveCfg = Debug|Win32
		{B8FB9381-1B21-4DD6-8511-F590D2F64E26}.Debug|x86.Build.0 = Debug|Win32
		{B8FB9381-1B21-4DD6-8511-F590D2F64E26}.Release|x64.ActiveCfg = Release|x64
		{B8FB9381-1B21-4DD6-8511-F590D2F64E26}.Release|x64.Build.0 = Release|x64
		{B8FB9381-1B21-4DD6-8511-F590D2F64E26}.Release|x86.ActiveCfg = Release|Win32
		{B8FB9381-1B21-4DD6-8511-F590D2F64E26}.Release|x86.Build.0 = Release|Win32
		{3A67F380-1065-40F1-AFEC-3FE80F90B574}.Debug|x64.ActiveCfg = Debug|x64
		{3A67F380-1065-40F1-AFEC-3FE80F90B574}.Debug|x64.Build.0 = Debug|x64
		{3A67F380-1065-40F1-AFEC-3FE80F90B574}.Debug|x86.ActiveCfg = Debug|Win32
		{3A67F380-1065-40F1-AFEC-3FE80F90B574}.Debug|x86.Build.0 = Debug|Win32
		{3A67F380-1065-40F1-AFEC-3FE80F90B574}.Release|x64.ActiveCfg = Release|x64
		{3A67F380-1065-40F1-AFEC-3FE80F90B574}.Release|x64.Build.0 = Release|x64
		{3A67F380-1065-40F1-AFEC-3FE80F90B574}.Release|x86.ActiveCfg = Release|Win32
		{3A67F380-1065-40F1-AFEC-3FE80F90B574}.Release|x86.Build.0 = Release|Win32
		{86918E76-1DB9-49AA-B70A-A7F09245B54E}.Debug|x64.ActiveCfg = Debug|x64
		{86918E76-1DB9-49AA-B70A-A7F09245B54E}.Debug|x64.Build.0 = Debug|x64
		{86918E76-1DB9-49AA-B70A-A7F09245B54E}.Debug|x86.ActiveCfg = Debug|Win32
		{86918E76-1DB9-49AA-B70A-A7F09245B54E}.Debug|x86.Build.0 = Debug|Win32
		{86918E76-1DB9-49AA-B70A-A7F09245B54E}.Release|x64.ActiveCfg = Release|x64
		{86918E76-1DB9-49AA-B70A-A7F09245B54E}.Release|x64.Build.0 = Release|x64
		{86918E76-1DB9-49AA-B70A-A7F09245B54E}.Release|x86.ActiveCfg = Release|Win32
		{86918E76-1DB9-49AA-B70A-A7F09245B54E}.Release|x86.Build.0 = Release|Win32
		{A2B4FA6C-C3F0-4D47-993D-9FC47EA17DC5}.Debug|x64.ActiveCfg = Debug|x64
		{A2B4FA6C-C3F0-4D47-993D-9FC47EA17DC5}.Debug|x64.Build.0 = Debug|x64
		{A2B4FA6C-C3F0-4D47-993D-9FC47EA17DC5}.Debug|x86.ActiveCfg = Debug|Win32
		{A2B4FA6C-C3F0-4D47-993D-9FC47EA17DC5}.Debug|x86.Build.0 = Debug|Win32
		{A2B4FA6C-C3F0-4D47-993D-9FC47EA17DC5}.Release|x64.ActiveCfg = Release|x64
		{A2B4FA6C-C3F0-4D47-993D-9FC47EA17DC5}.Release|x64.Build.0 = Release|x64
		{A2B4FA6C-C3F0-4D47-993D-9FC47EA17DC5}.Release|x86.ActiveCfg = Release|Win32
		{A2B4FA6C-C3F0-4D47-993D-9FC47EA17DC5}.Release|x86.Build.0 = Release|Win32
		{0DABF87A-3140-4225-80FE-60383036BCC6}.Debug|x64.ActiveCfg = Debug|x64
		{0DABF87A-3140-4225-80FE-60383036BCC6}.Debug|x64.Build.0 = Debug|x64
		{0DABF87A-3140-4225-80FE-60383036BCC6}.Debug|x86.ActiveCfg = Debug|Win32
		{0DABF87A-3140-4225-80FE-60383036BCC6}.Debug|x86.Build.0 = Debug|Win32
		{0DABF87A-3140-4225-80FE-60383036BCC6}.Release|x64.ActiveCfg = Release|x64
		{0DABF87A-3140-4225-80FE-60383036BCC6}.Release|x64.Build.0 = Release|x64
		{0DABF87A-3140-4225-80FE-60383036BCC6}.Release|x86.ActiveCfg = Release|Win32
		{0DABF87A-3140-4225-80FE-60383036BCC6}.Release|x86.Build.0 = Release|Win32
		{0B81B10C-75E5-4059-95A5-A37483FAAD32}.Debug|x64.ActiveCfg = Debug|x64
		{0B81B10C-75E5-4059-95A5-A37483FAAD32}.Debug|x64.Build.0 = Debug|x64
		{0B81B10C-75E5-4059-95A5-A37483FAAD32}.Debug|x86.ActiveCfg = Debug|Win32
		{0B81B10C-75E5-4059-95A5-A37483FAAD32}.Debug|x86.Build.0 = Debug|Win32
		{0B81B10C-75E5-4059-95A5-A37483FAAD32}.Release|x64.ActiveCfg = Release|x64
		{0B81B10C-75E5-4059-95A5-A37483FAAD32}.Release|x64.Build.0 = Release|x64
		{0B81B10C-75E5-4059-95A5-A37483FAAD32}.Release|x86.ActiveCfg = Release|Win32
		{0B81B10C-75E5-4059-95A5-A37483FAAD32}.Release|x86.Build.0 = Release|Win32
		{17CFF346-A2DE-4C02-AACD-E3F8BFBEED9D}.Debug|x64.ActiveCfg = Debug|x64
		{17CFF346-A2DE-4C02-AACD-E3F8BFBEED9D}.Debug|x64.Build.0 = Debug|x64
		{17CFF346-A2DE-4C02-AACD-E3F8BFBEED9D}.Debug|x86.ActiveCfg = Debug|Win32
		{17CFF346-A2DE-4C02-AACD-E3F8BFBEED9D}.Debug|x86.Build.0 = Debug|Win32
		{17CFF346-A2DE-4C02-AACD-E3F8BFBEED9D}.Release|x64.ActiveCfg = Release|x64
		{17CFF346-A2DE-4C02-AACD-E3F8BFBEED9D}.Release|x64.Build.0 = Release|x64
		{17CFF346-A2DE-4C02-AACD-E3F8BFBEED9D}.Release|x86.ActiveCfg = Release|Win32
		{17CFF346-A2DE-4C02-AACD-E3F8BFBEED9D}.Release|x86.Build.0 = Release|Win32
		{C51145F9-233E-47AB-85D1-99D07DED6BED}.Debug|x64.ActiveCfg = Debug|x64
		{C51145F9-233E-47AB-85D1-99D07DED6BED}.Debug|x64.Build.0 = Debug|x64
		{C51145F9-233E-47AB-85D1-99D07DED6BED}.Debug|x86.ActiveCfg = Debug|Win32
		{C51145F9-233E-47AB-85D1-99D07DED6BED}.Debug|x86.Build.0 = Debug|Win32
		{C51145F9-233E-47AB-85D1-99D07DED6BED}.Release|x64.ActiveCfg = Release|x64
		{C51145F9-233E-47AB-85D1-99D07DED6BED}.Release|x64.Build.0 = Release|x64
		{C51145F9-233E-47AB-85D1-99D07DED6BED}.Release|x86.ActiveCfg = Release|Win32
		{C51145F9-233E-47AB-85D1-99D07DED6BED}.Release|x86.Build.0 = Release|Win32
		{E570B58D-89E2-4C24-A310-CCE69EDC8643}.Debug|x64.ActiveCfg = Debug|x64
		{E570B58D-89E2-4C24-A310-CCE69EDC8643}.Debug|x64.Build.0 = Debug|x64
		{E570B58D-89E2-4C24-A310-CCE69EDC8643}.Debug|x86.ActiveCfg = Debug|Win32
		{E570B58D-89E2-4C24-A310-CCE69EDC8643}.Debug|x86.Build.0 = Debug|Win32
		{E570B58D-89E2-4C24-A310-CCE69EDC8643}.Release|x64.ActiveCfg = Release|x64
		{E570B58D-89E2-4C24-A310-CCE69EDC8643}.Release|x64.Build.0 = Release|x64
		{E570B58D-89E2-4C24-A310-CCE69EDC8643}.Release|x86.ActiveCfg = Release|Win32
		{E570B58D-89E2-4C24-A310-CCE69EDC8643}.Release|x86.Build.0 = Release|Win32
		{CDBA51AB-B810-49D6-8553-64440635E5E6}.Debug|x64.ActiveCfg = Debug|x64
		{CDBA51AB-B810-49D6-8553-64440635E5E6}.Debug|x64.Build.0 = Debug|x64
		{CDBA51AB-B810-49D6-8553-64440635E5E6}.Debug|x86.ActiveCfg = Debug|Win32
		{CDBA51AB-B810-49D6-8553-64440635E5E6}.Debug|x86.Build.0 = Debug|Win32
		{CDBA51AB-B810-49D6-8553-64440635E5E6}.Release|x64.ActiveCfg = Release|x64
		{CDBA51AB-B810-49D6-8553-64440635E5E6}.Release|x64.Build.0 = Release|x64
		{CDBA51AB-B810-49D6-8553-64440635E5E6}.Release|x86.ActiveCfg = Release|Win32
		{CDBA51AB-B810-49D6-8553-64440635E5E6}.Release|x86.Build.0 = Release|Win32
		{D2223075-28D3-4F1A-8B51-91700B2455DB}.Debug|x64.ActiveCfg = Debug|x64
		{D2223075-28D3-4F1A-8B51-91700B2455DB}.Debug|x64.Build.0 = Debug|x64
		{D2223075-28D3-4F1A-8B51-91700B2455DB}.Debug|x86.ActiveCfg = Debug|Win32
		{D2223075-28D3-4F1A-8B51-91700B2455DB}.Debug|x86.Build.0 = Debug|Win32
		{D2223075-28D3-4F1A-8B51-91700B2455DB}.Release|x64.ActiveCfg = Release|x64
		{D2223075-28D3-4F1A-8B51-91700B2455DB}.Release|x64.Build.0 = Release|x64
		{D2223075-28D3-4F1A-8B51-91700B2455DB}.Release|x86.ActiveCfg = Release|Win32
		{D2223075-28D3-4F1A-8B51-91700B2455DB}.Release|x86.Build.0 = Release|Win32
		{3B6A899A-55EA-4416-9817-65EA053AF9B3}.Debug|x64.ActiveCfg = Debug|x64
		{3B6A899A-55EA-4416-9817-65EA053AF9B3}.Debug|x64.Build.0 = Debug|x64
		{3B6A899A-55EA-4416-9817-65EA053AF9B3}.Debug|x86.ActiveCfg = Debug|Win32
		{3B6A899A-55EA-4416-9817-65EA053AF9B3}.Debug|x86.Build.0 = Debug|Win32
		{3B6A899A-55EA-4416-9817-65EA053AF9B3}.Release|x64.ActiveCfg = Release|x64
		{3B6A899A-55EA-4416-9817-65EA053AF9B3}.Release|x64.Build.0 = Release|x64
		{3B6A899A-55EA-4416-9817-65EA053AF9B3}.Release|x86.ActiveCfg = Release|Win32
		{3B6A899A-55EA-4416-9817-65EA053AF9B3}.Release|x86.Build.0 = Release|Win32
		{8EFD46F6-7BBF-42ED-901F-3ACB6E145C61}.Debug|x64.ActiveCfg = Debug|x64
		{8EFD46F6-7BBF-42ED-901F-3ACB6E145C61}.Debug|x64.Build.0 = Debug|x64
		{8EFD46F6-7BBF-42ED-901F-3ACB6E145C61}.Debug|x86.ActiveCfg = Debug|Win32
		{8EFD46F6-7BBF-42ED-901F-3ACB6E145C61}.Debug|x86.Build.0 = Debug|Win32
		{8EFD46F6-7BBF-42ED-901F-3ACB6E145C61}.Release|x64.ActiveCfg = Release|x64
		{8EFD46F6-7BBF-42ED-901F-3ACB6E145C61}.Release|x64.Build.0 = Release|x64
		{8EFD46F6-7BBF-42ED-901F-3ACB6E145C61}.Release|x86.ActiveCfg = Release|Win32
		{8EFD46F6-7BBF-42ED-901F-3ACB6E145C61}.Release|x86.Build.0 = Release|Win32
		{C8E6AF2B-346F-434A-9172-B3B789EC6CF0}.Debug|x64.ActiveCfg = Debug|x64
		{C8E6AF2B-346F-434A-9172-B3B789EC6CF0}.Debug|x64.Build.0 = Debug|x64
		{C8E6AF2B-346F-434A-9172-B3B789EC6CF0}.Debug|x86.ActiveCfg = Debug|Win32
		{C8E6AF2B-346F-434A-9172-B3B789EC6CF0}.Debug|x86.Build.0 = Debug|Win32
		{C8E6AF2B-346F-434A-9172-B3B789EC6CF0}.Release|x64.ActiveCfg = Release|x64
		{C8E6AF2B-346F-434A-9172-B3B789EC6CF0}.Release|x64.Build.0 = Release|x64
		{C8E6AF2B-346F-434A-9172-B3B789EC6CF0}.Release|x86.ActiveCfg = Release|Win32
		{C8E6AF2B-346F-434A-9172-B3B789EC6CF0}.Release|x86.Build.0 = Release|Win32
		{6F58EC21-970C-42EB-99A6-6B08AA638D6D}.Debug|x64.ActiveCfg = Debug|x64
		{6F58EC21-970C-42EB-99A6-6B08AA638D6D}.Debug|x64.Build.0 = Debug|x64
		{6F58EC21-970C-42EB-99A6-6B08AA638D6D}.Debug|x86.ActiveCfg = Debug|Win32
		{6F58EC21-970C-42EB-99A6-6B08AA638D6D}.Debug|x86.Build.0 = Debug|Win32
		{6F58EC21-970C-42EB-99A6-6B08AA638D6D}.Release|x64.ActiveCfg = Release|x64
		{6F58EC21-970C-42EB-99A6-6B08AA638D6D}.Release|x64.Build.0 = Release|x64
		{6F58EC21-970C-42EB-99A6-6B08AA638D6D}.Release|x86.ActiveCfg = Release|Win32
		{6F58EC21-970C-42EB-99A6-6B08AA638D6D}.Release|x86.Build.0 = Release|Win32
		{381E7EBC-9B72-43A8-ACB5-35F0ADAE4816}.Debug|x64.ActiveCfg = Debug|x64
		{381E7EBC-9B72-43A8-ACB5-35F0ADAE4816}.Debug|x64.Build.0 = Debug|x64
		{381E7EBC-9B72-43A8-ACB5-35F0ADAE4816}.Debug|x86.ActiveCfg = Debug|Win32
		{381E7EBC-9B72-43A8-ACB5-35F0ADAE4816}.Debug|x86.Build.0 = Debug|Win32
		{381E7EBC-9B72-43A8-ACB5-35F0ADAE4816}.Release|x64.ActiveCfg = Release|x64
		{381E7EBC-9B72-43A8-ACB5-35F0ADAE4816}.Release|x64.Build.0 = Release|x64
		{381E7EBC-9B72-43A8-ACB5-35F0ADAE4816}.Release|x86.ActiveCfg = Release|Win32
		{381E7EBC-9B72-43A8-ACB5-35F0ADAE4816}.Release|x86.Build.0 = Release|Win32
		{1710E418-E4BA-41AD-B27D-0B823327CD86}.Debug|x64.ActiveCfg = Debug|x64
		{1710E418-E4BA-41AD-B27D-0B823327CD86}.Debug|x64.Build.0 = Debug|x64
		{1710E418-E4BA-41AD-B27D-0B823327CD86}.Debug|x86.ActiveCfg = Debug|Win32
		{1710E418-E4BA-41AD-B27D-0B823327CD86}.Debug|x86.Build.0 = Debug|Win32
		{1710E418-E4BA-41AD-B27D-0B823327CD86}.Release|x64.ActiveCfg = Release|x64
		{1710E418-E4BA-41AD-B27D-0B823327CD86}.Release|x64.Build.0 = Release|x64
		{1710E418-E4BA-41AD-B27D-0B823327CD86}.Release|x86.ActiveCfg = Release|Win32
		{1710E418-E4BA-41AD-B27D-0B823327CD86}.Release|x86.Build.0 = Release|Win32
		{901A648C-5315-4C11-A207-B48381B72202}.Debug|x64.ActiveCfg = Debug|x64
		{901A648C-5315-4C11-A207-B48381B72202}.Debug|x64.Build.0 = Debug|x64
		{901A648C-5315-4C11-A207-B48381B72202}.Debug|x86.ActiveCfg = Debug|Win32
		{901A648C-5315-4C11-A207-B48381B72202}.Debug|x86.Build.0 = Debug|Win32
		{901A648C-5315-4C11-A207-B48381B72202}.Release|x64.ActiveCfg = Release|x64
		{901A648C-5315-4C11-A207-B48381B72202}.Release|x64.Build.0 = Release|x64
		{901A648C-5315-4C11-A207-B48381B72202}.Release|x86.ActiveCfg = Release|Win32
		{901A648C-5315-4C11-A207-B48381B72202}.Release|x86.Build.0 = Release|Win32
		{3C851EFA-7950-4AD7-A016-925BF1DC2A5B}.Debug|x64.ActiveCfg = Debug|x64
		{3C851EFA-7950-4AD7-A016-925BF1DC2A5B}.Debug|x64.Build.0 = Debug|x64
		{3C851EFA-7950-4AD7-A016-925BF1DC2A5B}.Debug|x86.ActiveCfg = Debug|Win32
		{3C851EFA-7950-4AD7-A016-925BF1DC2A5B}.Debug|x86.Build.0 = Debug|Win32
		{3C851EFA-7950-4AD7-A016-925BF1DC2A5B}.Release|x64.ActiveCfg = Release|x64
		{3C851EFA-7950-4AD7-A016-925BF1DC2A5B}.Release|x64.Build.0 = Release|x64
		{3C851EFA-7950-4AD7-A016-925BF1DC2A5B}.Release|x86.ActiveCfg = Release|Win32
		{3C851EFA-7950-4AD7-A016-925BF1DC2A5B}.Release|x86.Build.0 = Release|Win32
		{40870A51-C5B7-43F8-BBAA-44486C628DAA}.Debug|x64.ActiveCfg = Debug|x64
		{40870A51-C5B7-43F8-BBAA-44486C628DAA}.Debug|x64.Build.0 = Debug|x64
		{40870A51-C5B7-43F8-BBAA-44486C628DAA}.Debug|x86.ActiveCfg = Debug|Win32
		{40870A51-C5B7-43F8-BBAA-44486C628DAA}.Debug|x86.Build.0 = Debug|Win32
		{40870A51-C5B7-43F8-BBAA-44486C628DAA}.Release|x64.ActiveCfg = Release|x64
		{40870A51-C5B7-43F8-BBAA-44486C628DAA}.Release|x64.Build.0 = Release|x64
		{40870A51-C5B7-43F8-BBAA-44486C628DAA}.Release|x86.ActiveCfg = Release|Win32
		{40870A51-C5B7-43F8-BBAA-44486C628DAA}.Release|x86.Build.0 = Release|Win32
		{A4335774-9E74-414E-A1F1-182F3FC6E248}.Debug|x64.ActiveCfg = Debug|x64
		{A4335774-9E74-414E-A1F1-182F3FC6E248}.Debug|x64.Build.0 = Debug|x64
		{A4335774-9E74-414E-A1F1-182F3FC6E248}.Debug|x86.ActiveCfg = Debug|Win32
		{A4335774-9E74-414E-A1F1-182F3FC6E248}.Debug|x86.Build.0 = Debug|Win32
		{A4335774-9E74-414E-A1F1-182F3FC6E248}.Release|x64.ActiveCfg = Release|x64
		{A4335774-9E74-414E-A1F1-182F3FC6E248}.Release|x64.Build.0 = Release|x64
		{A4335774-9E74-414E-A1F1-182F3FC6E248}.Release|x86.ActiveCfg = Release|Win32
		{A4335774-9E74-414E-A1F1-182F3FC6E248}.Release|x86.Build.0 = Release|Win32
		{04B9D2F1-658D-424E-81EE-B4AFA7ECB045}.Debug|x64.ActiveCfg = Debug|x64
		{04B9D2F1-658D-424E-81EE-B4AFA7ECB045}.Debug|x64.Build.0 = Debug|x64
		{04B9D2F1-658D-424E-81EE-B4AFA7ECB045}.Debug|x86.ActiveCfg = Debug|Win32
		{04B9D2F1-658D-424E-81EE-B4AFA7ECB045}.Debug|x86.Build.0 = Debug|Win32
		{04B9D2F1-658D-424E-81EE-B4AFA7ECB045}.Release|x64.ActiveCfg = Release|x64
		{04B9D2F1-658D-424E-81EE-B4AFA7ECB045}.Release|x64.Build.0 = Release|x64
		{04B9D2F1-658D-424E-81EE-B4AFA7ECB045}.Release|x86.ActiveCfg = Release|Win32
		{04B9D2F1-658D-424E-81EE-B4AFA7ECB045}.Release|x86.Build.0 = Release|Win32
		{2F253012-CB42-4DDD-B15A-1FF2AFC2446E}.Debug|x64.ActiveCfg = Debug|x64
		{2F253012-CB42-4DDD-B15A-1FF2AFC2446E}.Debug|x64.Build.0 = Debug|x64
		{2F253012-CB42-4DDD-B15A-1FF2AFC2446E}.Debug|x86.ActiveCfg = Debug|Win32
		{2F253012-CB42-4DDD-B15A-1FF2AFC2446E}.Debug|x86.Build.0 = Debug|Win32
		{2F253012-CB42-4DDD-B15A-1FF2AFC2446E}.Release|x64.ActiveCfg = Release|x64
		{2F253012-CB42-4DDD-B15A-1FF2AFC2446E}.Release|x64.Build.0 = Release|x64
		{2F253012-CB42-4DDD-B15A-1FF2AFC2446E}.Release|x86.ActiveCfg = Release|Win32
		{2F253012-CB42-4DDD-B15A-1FF2AFC2446E}.Release|x86.Build.0 = Release|Win32
		{E0A0DC45-611F-4B1C-BE2A-6C4F2899C680}.Debug|x64.ActiveCfg = Debug|x64
		{E0A0DC45-611F-4B1C-BE2A-6C4F2899C680}.Debug|x64.Build.0 = Debug|x64
		{E0A0DC45-611F-4B1C-BE2A-6C4F2899C680}.Debug|x86.ActiveCfg = Debug|Win32
		{E0A0DC45-611F-4B1C-BE2A-6C4F2899C680}.Debug|x86.Build.0 = Debug|Win32
		{E0A0DC45-611F-4B1C-BE2A-6C4F2899C680}.Release|x64.ActiveCfg = Release|x64
		{E0A0DC45-611F-4B1C-BE2A-6C4F2899C680}.Release|x64.Build.0 = Release|x64
		{E0A0DC45-611F-4B1C-BE2A-6C4F2899C680}.Release|x86.ActiveCfg = Release|Win32
		{E0A0DC45-611F-4B1C-BE2A-6C4F2899C680}.Release|x86.Build.0 = Release|Win32
		{CA94957E-74BF-46FD-BEDB-E6CE8A408269}.Debug|x64.ActiveCfg = Debug|x64
		{CA94957E-74BF-46FD-BEDB-E6CE8A408269}.Debug|x64.Build.0 = Debug|x64
		{CA94957E-74BF-46FD-BEDB-E6CE8A408269}.Debug|x86.ActiveCfg = Debug|Win32
		{CA94957E-74BF-46FD-BEDB-E6CE8A408269}.Debug|x86.Build.0 = Debug|Win32
		{CA94957E-74BF-46FD-BEDB-E6CE8A408269}.Release|x64.ActiveCfg = Release|x64
		{CA94957E-74BF-46FD-BEDB-E6CE8A408269}.Release|x64.Build.0 = Release|x64
		{CA94957E-74BF-46FD-BEDB-E6CE8A408269}.Release|x86.ActiveCfg = Release|Win32
		{CA94957E-74BF-46FD-BEDB-E6CE8A408269}.Release|x86.Build.0 = Release|Win32
		{A02054DD-0C95-491C-B3D1-AA1932FDE618}.Debug|x64.ActiveCfg = Debug|x64
		{A02054DD-0C95-491C-B3D1-AA1932FDE618}.Debug|x64.Build.0 = Debug|x64
		{A02054DD-0C95-491C-B3D1-AA1932FDE618}.Debug|x86.ActiveCfg = Debug|Win32
		{A02054DD-0C95-491C-B3D1-AA1932FDE618}.Debug|x86.Build.0 = Debug|Win32
		{A02054DD-0C95-491C-B3D1-AA1932FDE618}.Release|x64.ActiveCfg = Release|x64
		{A02054DD-0C95-491C-B3D1-AA1932FDE618}.Release|x64.Build.0 = Release|x64
		{A02054DD-0C95-491C-B3D1-AA1932FDE618}.Release|x86.ActiveCfg = Release|Win32
		{A02054DD-0C95-491C-B3D1-AA1932FDE618}.Release|x86.Build.0 = Release|Win32
		{8DD332EC-140C-4E7C-9CAF-6BE1E85EB7D9}.Debug|x64.ActiveCfg = Debug|x64
		{8DD332EC-140C-4E7C-9CAF-6BE1E85EB7D9}.Debug|x64.Build.0 = Debug|x64
		{8DD332EC-140C-4E7C-9CAF-6BE1E85EB7D9}.Debug|x86.ActiveCfg = Debug|Win32
		{8DD332EC-140C-4E7C-9CAF-6BE1E85EB7D9}.Debug|x86.Build.0 = Debug|Win32
		{8DD332EC-140C-4E7C-9CAF-6BE1E85EB7D9}.Release|x64.ActiveCfg = Release|x64
		{8DD332EC-140C-4E7C-9CAF-6BE1E85EB7D9}.Release|x64.Build.0 = Release|x64
		{8DD332EC-140C-4E7C-9CAF-6BE1E85EB7D9}.Release|x86.ActiveCfg = Release|Win32
		{8DD332EC-140C-4E7C-9CAF-6BE1E85EB7D9}.Release|x86.Build.0 = Release|Win32
		{51A5F55D-84AE-4D38-A84C-EAA732B819BC}.Debug|x64.ActiveCfg = Debug|x64
		{51A5F55D-84AE-4D38-A84C-EAA732B819BC}.Debug|x64.Build.0 = Debug|x64
		{51A5F55D-84AE-4D38-A84C-EAA732B819BC}.Debug|x86.ActiveCfg = Debug|Win32
		{51A5F55D-84AE-4D38-A84C-EAA732B819BC}.Debug|x86.Build.0 = Debug|Win32
		{51A5F55D-84AE-4D38-A84C-EAA732B819BC}.Release|x64.ActiveCfg = Release|x64
		{51A5F55D-84AE-4D38-A84C-EAA732B819BC}.Release|x64.Build.0 = Release|x64
		{51A5F55D-84AE-4D38-A84C-EAA732B819BC}.Release|x86.ActiveCfg = Release|Win32
		{51A5F55D-84AE-4D38-A84C-EAA732B819BC}.Release|x86.Build.0 = Release|Win32
		{4CF86004-F4CE-4BBB-B2E5-136D26F6A43C}.Debug|x64.ActiveCfg = Debug|x64
		{4CF86004-F4CE-4BBB-B2E5-136D26F6A43C}.Debug|x64.Build.0 = Debug|x64
		{4CF86004-F4CE-4BBB-B2E5-136D26F6A43C}.Debug|x86.ActiveCfg = Debug|Win32
		{4CF86004-F4CE-4BBB-B2E5-136D26F6A43C}.Debug|x86.Build.0 = Debug|Win32
		{4CF86004-F4CE-4BBB-B2E5-136D26F6A43C}.Release|x64.ActiveCfg = Release|x64
		{4CF86004-F4CE-4BBB-B2E5-136D26F6A43C}.Release|x64.Build.0 = Release|x64
		{4CF86004-F4CE-4BBB-B2E5-136D26F6A43C}.Release|x86.ActiveCfg = Release|Win32
		{4CF86004-F4CE-4BBB-B2E5-136D26F6A43C}.Release|x86.Build.0 = Release|Win32
		{39436681-A45A-4EEE-B9DE-1DE489A42963}.Debug|x64.ActiveCfg = Debug|x64
		{39436681-A45A-4EEE-B9DE-1DE489A42963}.Debug|x64.Build.0 = Debug|x64
		{39436681-A45A-4EEE-B9DE-1DE489A42963}.Debug|x86.ActiveCfg = Debug|Win32
		{39436681-A45A-4EEE-B9DE-1DE489A42963}.Debug|x86.Build.0 = Debug|Win32
		{39436681-A45A-4EEE-B9DE-1DE489A42963}.Release|x64.ActiveCfg = Release|x64
		{39436681-A45A-4EEE-B9DE-1DE489A42963}.Release|x64.Build.0 = Release|x64
		{39436681-A45A-4EEE-B9DE-1DE489A42963}.Release|x86.ActiveCfg = Release|Win32
		{39436681-A45A-4EEE-B9DE-1DE489A42963}.Release|x86.Build.0 = Release|Win32
		{946313DC-6D68-4047-9D72-E2F62DBE1340}.Debug|x64.ActiveCfg = Debug|x64
		{946313DC-6D68-4047-9D72-E2F62DBE1340}.Debug|x64.Build.0 = Debug|x64
		{946313DC-6D68-4047-9D72-E2F62DBE1340}.Debug|x86.ActiveCfg = Debug|Win32
		{946313DC-6D68-4047-9D72-E2F62DBE1340}.Debug|x86.Build.0 = Debug|Win32
		{946313DC-6D68-4047-9D72-E2F62DBE1340}.Release|x64.ActiveCfg = Release|x64
		{946313DC-6D68-4047-9D72-E2F62DBE1340}.Release|x64.Build.0 = Release|x64
		{946313DC-6D68-4047-9D72-E2F62DBE1340}.Release|x86.ActiveCfg = Release|Win32
		{946313DC-6D68-4047-9D72-E2F62DBE1340}.Release|x86.Build.0 = Release|Win32
		{40FDAAA0-C500-4C45-853D-40772BDB6651}.Debug|x64.ActiveCfg = Debug|x64
		{40FDAAA0-C500-4C45-853D-40772BDB6651}.Debug|x64.Build.0 = Debug|x64
		{40FDAAA0-C500-4C45-853D-40772BDB6651}.Debug|x86.ActiveCfg = Debug|Win32
		{40FDAAA0-C500-4C45-853D-40772BDB6651}.Debug|x86.Build.0 = Debug|Win32
		{40FDAAA0-C500-4C45-853D-40772BDB6651}.Release|x64.ActiveCfg = Release|x64
		{40FDAAA0-C500-4C45-853D-40772BDB6651}.Release|x64.Build.0 = Release|x64
		{40FDAAA0-C500-4C45-853D-40772BDB6651}.Release|x86.ActiveCfg = Release|Win32
		{40FDAAA0-C500-4C45-853D-40772BDB6651}.Release|x86.Build.0 = Release|Win32
		{129F2F3F-62A9-4B40-82F5-E36074313AA0}.Debug|x64.ActiveCfg = Debug|x64
		{129F2F3F-62A9-4B40-82F5-E36074313AA0}.Debug|x64.Build.0 = Debug|x64
		{129F2F3F-62A9-4B40-82F5-E36074313AA0}.Debug|x86.ActiveCfg = Debug|Win32
		{129F2F3F-62A9-4B40-82F5-E36074313AA0}.Debug|x86.Build.0 = Debug|Win32
		{129F2F3F-62A9-4B40-82F5-E36074313AA0}.Release|x64.ActiveCfg = Release|x64
		{129F2F3F-62A9-4B40-82F5-E36074313AA0}.Release|x64.Build.0 = Release|x64
		{129F2F3F-62A9-4B40-82F5-E36074313AA0}.Release|x86.ActiveCfg = Release|Win32
		{129F2F3F-62A9-4B40-82F5-E36074313AA0}.Release|x86.Build.0 = Release|Win32
		{2387A374-F083-48A4-AE1D-D556D64CBD4A}.Debug|x64.ActiveCfg = Debug|x64
		{2387A374-F083-48A4-AE1D-D556D64CBD4A}.Debug|x64.Build.0 = Debug|x64
		{2387A374-F083-48A4-AE1D-D556D64CBD4A}.Debug|x86.ActiveCfg = Debug|Win32
		{2387A374-F083-48A4-AE1D-D556D64CBD4A}.Debug|x86.Build.0 = Debug|Win32
		{2387A374-F083-48A4-AE1D-D556D64CBD4A}.Release|x64.ActiveCfg = Release|x64
		{2387A374-F083-48A4-AE1D-D556D64CBD4A}.Release|x64.Build.0 = Release|x64
		{2387A374-F083-48A4-AE1D-D556D64CBD4A}.Release|x86.ActiveCfg = Release|Win32
		{2387A374-F083-48A4-AE1D-D556D64CBD4A}.Release|x86.Build.0 = Release|Win32
		{BFB1897C-92F2-4CA4-AA2A-8B76399F8E56}.Debug|x64.ActiveCfg = Debug|x64
		{BFB1897C-92F2-4CA4-AA2A-8B76399F8E56}.Debug|x64.Build.0 = Debug|x64
		{BFB1897C-92F2-4CA4-AA2A-8B76399F8E56}.Debug|x86.ActiveCfg = Debug|Win32
		{BFB1897C-92F2-4CA4-AA2A-8B76399F8E56}.Debug|x86.Build.0 = Debug|Win32
		{BFB1897C-92F2-4CA4-AA2A-8B76399F8E56}.Release|x64.ActiveCfg = Release|x64
		{BFB1897C-92F2-4CA4-AA2A-8B76399F8E56}.Release|x64.Build.0 = Release|x64
		{BFB1897C-92F2-4CA4-AA2A-8B76399F8E56}.Release|x86.ActiveCfg = Release|Win32
		{BFB1897C-92F2-4CA4-AA2A-8B76399F8E56}.Release|x86.Build.0 = Release|Win32
	EndGlobalSection
	GlobalSection(SolutionProperties) = preSolution
		HideSolutionNode = FALSE
	EndGlobalSection
	GlobalSection(ExtensibilityGlobals) = postSolution
		SolutionGuid = {BA3ED535-D7D7-460A-8A26-E534EE793209}
	EndGlobalSection
EndGlobal
